{
  "name": "nhs-app",
  "version": "0.0.1",
  "lockfileVersion": 3,
  "requires": true,
  "packages": {
    "": {
      "name": "nhs-app",
      "version": "0.0.1",
      "license": "MIT",
      "dependencies": {
        "@redocly/cli": "^2.34.0"
      }
    },
    "node_modules/@redocly/cli": {
      "version": "2.34.0",
      "resolved": "https://registry.npmjs.org/@redocly/cli/-/cli-2.34.0.tgz",
      "integrity": "sha512-wlEy03fyf+xrEatHbSSLFGP7T8slYwyJHO6xooArvUOntiGRMPuTGivaSPhxx+f2bFhe69zDDzDy51+CsvJ/zw==",
      "license": "MIT",
      "bin": {
        "openapi": "bin/cli.js",
        "redocly": "bin/cli.js"
      },
      "engines": {
        "node": ">=22.12.0 || >=20.19.0 <21.0.0",
        "npm": ">=10"
      }
    }
  }
}
