{
  "name": "nhs-app",
  "version": "0.0.1",
  "lockfileVersion": 3,
  "requires": true,
  "packages": {
    "": {
      "name": "nhs-app",
      "version": "0.0.1",
      "license": "MIT",
      "dependencies": {
        "@redocly/cli": "^2.41.1"
      }
    },
    "node_modules/@redocly/cli": {
      "version": "2.41.1",
      "resolved": "https://registry.npmjs.org/@redocly/cli/-/cli-2.41.1.tgz",
      "integrity": "sha512-Rde/CpjSMxTBWUCbkECtR4S1YTF8NE+tQgnI1Y7M4wxMLGy8yhmUmTHRUDlKSha97bfBfvjryYuEuZfocD2UNw==",
      "license": "MIT",
      "bin": {
        "openapi": "bin/cli.js",
        "redocly": "bin/cli.js"
      },
      "engines": {
        "node": ">=22.12.0 || >=20.19.0 <21.0.0",
        "npm": ">=10"
      }
    }
  }
}
