
Microsoft Visual Studio Solution File, Format Version 12.00
# Visual Studio 15
VisualStudioVersion = 15.0.27130.2036
MinimumVisualStudioVersion = 10.0.40219.1
Project("{9A19103F-16F7-4668-BE54-9A1E7A4F7556}") = "NHSOnline.Backend.PfsApi", "NHSOnline.Backend.PfsApi\NHSOnline.Backend.PfsApi.csproj", "{12C2445B-9D16-4B95-B6B8-4CE591B8B06B}"
EndProject
Project("{9A19103F-16F7-4668-BE54-9A1E7A4F7556}") = "NHSOnline.Backend.PfsApi.UnitTests", "NHSOnline.Backend.PfsApi.UnitTests\NHSOnline.Backend.PfsApi.UnitTests.csproj", "{E65A94D3-8C1B-4BAB-96C7-F4259BD3813A}"
EndProject
Project("{2150E333-8FDC-42A3-9474-1A3956D46DE8}") = "Contracts", "Contracts", "{24778223-5844-4C8C-97D5-DD64B27839E8}"
	ProjectSection(SolutionItems) = preProject
		contracts\bundleContracts.sh = contracts\bundleContracts.sh
		contracts\citizenid.yaml = contracts\citizenid.yaml
		contracts\gpSupplierSpecific\emis-linkage.yaml = contracts\gpSupplierSpecific\emis-linkage.yaml
		contracts\nhsonline.appointments.yaml = contracts\nhsonline.appointments.yaml
		contracts\nhsonline.brothermailer.yaml = contracts\nhsonline.brothermailer.yaml
		contracts\nhsonline.configuration.yaml = contracts\nhsonline.configuration.yaml
		contracts\nhsonline.demographics.yaml = contracts\nhsonline.demographics.yaml
		contracts\nhsonline.gpsearch.yaml = contracts\nhsonline.gpsearch.yaml
		contracts\nhsonline.myrecord.yaml = contracts\nhsonline.myrecord.yaml
		contracts\nhsonline.ndop.yaml = contracts\nhsonline.ndop.yaml
		contracts\nhsonline.odscode.yaml = contracts\nhsonline.odscode.yaml
		contracts\nhsonline.organdonation.yaml = contracts\nhsonline.organdonation.yaml
		contracts\nhsonline.prescriptions.yaml = contracts\nhsonline.prescriptions.yaml
		contracts\nhsonline.termsandconditions.yaml = contracts\nhsonline.termsandconditions.yaml
		contracts\nhsonline.usersession.yaml = contracts\nhsonline.usersession.yaml
		contracts\nhsonline.yaml = contracts\nhsonline.yaml
		contracts\ReadMe.md = contracts\ReadMe.md
		contracts\gpSupplierSpecific\tpp-linkage.yaml = contracts\gpSupplierSpecific\tpp-linkage.yaml
	EndProjectSection
EndProject
Project("{2150E333-8FDC-42A3-9474-1A3956D46DE8}") = "Solution Items", "Solution Items", "{1F3286FE-0E62-411C-A0A2-4C9AEFE54EC1}"
	ProjectSection(SolutionItems) = preProject
		ProductionCode.ruleset = ProductionCode.ruleset
		TestCode.ruleset = TestCode.ruleset
	EndProjectSection
EndProject
Project("{9A19103F-16F7-4668-BE54-9A1E7A4F7556}") = "NHSOnline.Backend.GpSystems", "NHSOnline.Backend.GpSystems\NHSOnline.Backend.GpSystems.csproj", "{6CF3BB47-F842-4154-B445-C6CB41D57159}"
EndProject
Project("{9A19103F-16F7-4668-BE54-9A1E7A4F7556}") = "NHSOnline.Backend.Support", "NHSOnline.Backend.Support\NHSOnline.Backend.Support.csproj", "{67E506C3-0E86-4E79-8168-32F1DCFE38CD}"
EndProject
Project("{9A19103F-16F7-4668-BE54-9A1E7A4F7556}") = "NHSOnline.Backend.Support.UnitTests", "NHSOnline.Backend.Support.UnitTests\NHSOnline.Backend.Support.UnitTests.csproj", "{0DF8D60E-0C7A-4F9F-B5F1-BCDF54D2471A}"
EndProject
Project("{9A19103F-16F7-4668-BE54-9A1E7A4F7556}") = "NHSOnline.Backend.GpSystems.UnitTests", "NHSOnline.Backend.GpSystems.UnitTests\NHSOnline.Backend.GpSystems.UnitTests.csproj", "{D81BF0EF-F83E-43A8-8DD5-C1ACCCEA18EE}"
EndProject
Project("{9A19103F-16F7-4668-BE54-9A1E7A4F7556}") = "UnitTestHelper", "UnitTestHelper\UnitTestHelper.csproj", "{7FEB06ED-2F40-4142-988D-BFDC1B0C559B}"
EndProject
Project("{9A19103F-16F7-4668-BE54-9A1E7A4F7556}") = "NHSOnline.Backend.CidApi", "NHSOnline.Backend.CidApi\NHSOnline.Backend.CidApi.csproj", "{087E5837-79BC-4B9A-878E-18C9298D8D5E}"
EndProject
Project("{9A19103F-16F7-4668-BE54-9A1E7A4F7556}") = "NHSOnline.Backend.CidApi.UnitTests", "NHSOnline.Backend.CidApi.UnitTests\NHSOnline.Backend.CidApi.UnitTests.csproj", "{8F641323-98A0-4DC6-A50C-0BEFD770A2E7}"
EndProject
Project("{9A19103F-16F7-4668-BE54-9A1E7A4F7556}") = "NHSOnline.Backend.ApiSupport", "NHSOnline.Backend.ApiSupport\NHSOnline.Backend.ApiSupport.csproj", "{9221CCAE-498F-46EB-8D71-C103591D72B4}"
EndProject
Project("{9A19103F-16F7-4668-BE54-9A1E7A4F7556}") = "NHSOnline.Backend.ApiSupport.UnitTests", "NHSOnline.Backend.ApiSupport.UnitTests\NHSOnline.Backend.ApiSupport.UnitTests.csproj", "{329BE237-4AB4-4DA1-A49E-75739A0E7861}"
EndProject
Project("{FAE04EC0-301F-11D3-BF4B-00C04F79EFBC}") = "NHSOnline.Backend.ServiceJourneyRulesApi.UnitTests", "NHSOnline.Backend.ServiceJourneyRulesApi.UnitTests\NHSOnline.Backend.ServiceJourneyRulesApi.UnitTests.csproj", "{BA421B7B-6AB8-4095-A3CB-2B9F0C2A1B85}"
EndProject
Project("{FAE04EC0-301F-11D3-BF4B-00C04F79EFBC}") = "NHSOnline.Backend.ServiceJourneyRulesApi", "NHSOnline.Backend.ServiceJourneyRulesApi\NHSOnline.Backend.ServiceJourneyRulesApi.csproj", "{C8D4E4FC-316C-4535-A89F-23DD34ADA155}"
EndProject
Global
	GlobalSection(SolutionConfigurationPlatforms) = preSolution
		Debug|Any CPU = Debug|Any CPU
		Release|Any CPU = Release|Any CPU
	EndGlobalSection
	GlobalSection(ProjectConfigurationPlatforms) = postSolution
		{12C2445B-9D16-4B95-B6B8-4CE591B8B06B}.Debug|Any CPU.ActiveCfg = Debug|Any CPU
		{12C2445B-9D16-4B95-B6B8-4CE591B8B06B}.Debug|Any CPU.Build.0 = Debug|Any CPU
		{12C2445B-9D16-4B95-B6B8-4CE591B8B06B}.Release|Any CPU.ActiveCfg = Release|Any CPU
		{12C2445B-9D16-4B95-B6B8-4CE591B8B06B}.Release|Any CPU.Build.0 = Release|Any CPU
		{E65A94D3-8C1B-4BAB-96C7-F4259BD3813A}.Debug|Any CPU.ActiveCfg = Debug|Any CPU
		{E65A94D3-8C1B-4BAB-96C7-F4259BD3813A}.Debug|Any CPU.Build.0 = Debug|Any CPU
		{E65A94D3-8C1B-4BAB-96C7-F4259BD3813A}.Release|Any CPU.ActiveCfg = Release|Any CPU
		{E65A94D3-8C1B-4BAB-96C7-F4259BD3813A}.Release|Any CPU.Build.0 = Release|Any CPU
		{6CF3BB47-F842-4154-B445-C6CB41D57159}.Debug|Any CPU.ActiveCfg = Debug|Any CPU
		{6CF3BB47-F842-4154-B445-C6CB41D57159}.Debug|Any CPU.Build.0 = Debug|Any CPU
		{6CF3BB47-F842-4154-B445-C6CB41D57159}.Release|Any CPU.ActiveCfg = Release|Any CPU
		{6CF3BB47-F842-4154-B445-C6CB41D57159}.Release|Any CPU.Build.0 = Release|Any CPU
		{67E506C3-0E86-4E79-8168-32F1DCFE38CD}.Debug|Any CPU.ActiveCfg = Debug|Any CPU
		{67E506C3-0E86-4E79-8168-32F1DCFE38CD}.Debug|Any CPU.Build.0 = Debug|Any CPU
		{67E506C3-0E86-4E79-8168-32F1DCFE38CD}.Release|Any CPU.ActiveCfg = Release|Any CPU
		{67E506C3-0E86-4E79-8168-32F1DCFE38CD}.Release|Any CPU.Build.0 = Release|Any CPU
		{0DF8D60E-0C7A-4F9F-B5F1-BCDF54D2471A}.Debug|Any CPU.ActiveCfg = Debug|Any CPU
		{0DF8D60E-0C7A-4F9F-B5F1-BCDF54D2471A}.Debug|Any CPU.Build.0 = Debug|Any CPU
		{0DF8D60E-0C7A-4F9F-B5F1-BCDF54D2471A}.Release|Any CPU.ActiveCfg = Release|Any CPU
		{0DF8D60E-0C7A-4F9F-B5F1-BCDF54D2471A}.Release|Any CPU.Build.0 = Release|Any CPU
		{D81BF0EF-F83E-43A8-8DD5-C1ACCCEA18EE}.Debug|Any CPU.ActiveCfg = Debug|Any CPU
		{D81BF0EF-F83E-43A8-8DD5-C1ACCCEA18EE}.Debug|Any CPU.Build.0 = Debug|Any CPU
		{D81BF0EF-F83E-43A8-8DD5-C1ACCCEA18EE}.Release|Any CPU.ActiveCfg = Release|Any CPU
		{D81BF0EF-F83E-43A8-8DD5-C1ACCCEA18EE}.Release|Any CPU.Build.0 = Release|Any CPU
		{7FEB06ED-2F40-4142-988D-BFDC1B0C559B}.Debug|Any CPU.ActiveCfg = Debug|Any CPU
		{7FEB06ED-2F40-4142-988D-BFDC1B0C559B}.Debug|Any CPU.Build.0 = Debug|Any CPU
		{7FEB06ED-2F40-4142-988D-BFDC1B0C559B}.Release|Any CPU.ActiveCfg = Release|Any CPU
		{7FEB06ED-2F40-4142-988D-BFDC1B0C559B}.Release|Any CPU.Build.0 = Release|Any CPU
		{087E5837-79BC-4B9A-878E-18C9298D8D5E}.Debug|Any CPU.ActiveCfg = Debug|Any CPU
		{087E5837-79BC-4B9A-878E-18C9298D8D5E}.Debug|Any CPU.Build.0 = Debug|Any CPU
		{087E5837-79BC-4B9A-878E-18C9298D8D5E}.Release|Any CPU.ActiveCfg = Release|Any CPU
		{087E5837-79BC-4B9A-878E-18C9298D8D5E}.Release|Any CPU.Build.0 = Release|Any CPU
		{8F641323-98A0-4DC6-A50C-0BEFD770A2E7}.Debug|Any CPU.ActiveCfg = Debug|Any CPU
		{8F641323-98A0-4DC6-A50C-0BEFD770A2E7}.Debug|Any CPU.Build.0 = Debug|Any CPU
		{8F641323-98A0-4DC6-A50C-0BEFD770A2E7}.Release|Any CPU.ActiveCfg = Release|Any CPU
		{8F641323-98A0-4DC6-A50C-0BEFD770A2E7}.Release|Any CPU.Build.0 = Release|Any CPU
		{9221CCAE-498F-46EB-8D71-C103591D72B4}.Debug|Any CPU.ActiveCfg = Debug|Any CPU
		{9221CCAE-498F-46EB-8D71-C103591D72B4}.Debug|Any CPU.Build.0 = Debug|Any CPU
		{9221CCAE-498F-46EB-8D71-C103591D72B4}.Release|Any CPU.ActiveCfg = Release|Any CPU
		{9221CCAE-498F-46EB-8D71-C103591D72B4}.Release|Any CPU.Build.0 = Release|Any CPU
		{329BE237-4AB4-4DA1-A49E-75739A0E7861}.Debug|Any CPU.ActiveCfg = Debug|Any CPU
		{329BE237-4AB4-4DA1-A49E-75739A0E7861}.Debug|Any CPU.Build.0 = Debug|Any CPU
		{329BE237-4AB4-4DA1-A49E-75739A0E7861}.Release|Any CPU.ActiveCfg = Release|Any CPU
		{329BE237-4AB4-4DA1-A49E-75739A0E7861}.Release|Any CPU.Build.0 = Release|Any CPU
		{BA421B7B-6AB8-4095-A3CB-2B9F0C2A1B85}.Debug|Any CPU.ActiveCfg = Debug|Any CPU
		{BA421B7B-6AB8-4095-A3CB-2B9F0C2A1B85}.Debug|Any CPU.Build.0 = Debug|Any CPU
		{BA421B7B-6AB8-4095-A3CB-2B9F0C2A1B85}.Release|Any CPU.ActiveCfg = Release|Any CPU
		{BA421B7B-6AB8-4095-A3CB-2B9F0C2A1B85}.Release|Any CPU.Build.0 = Release|Any CPU
		{C8D4E4FC-316C-4535-A89F-23DD34ADA155}.Debug|Any CPU.ActiveCfg = Debug|Any CPU
		{C8D4E4FC-316C-4535-A89F-23DD34ADA155}.Debug|Any CPU.Build.0 = Debug|Any CPU
		{C8D4E4FC-316C-4535-A89F-23DD34ADA155}.Release|Any CPU.ActiveCfg = Release|Any CPU
		{C8D4E4FC-316C-4535-A89F-23DD34ADA155}.Release|Any CPU.Build.0 = Release|Any CPU
	EndGlobalSection
	GlobalSection(SolutionProperties) = preSolution
		HideSolutionNode = FALSE
	EndGlobalSection
	GlobalSection(ExtensibilityGlobals) = postSolution
		SolutionGuid = {977BD944-985E-4AE2-8D9D-9D61E71ED054}
	EndGlobalSection
EndGlobal
