
Microsoft Visual Studio Solution File, Format Version 12.00
# Visual Studio Version 17
VisualStudioVersion = 17.0.32126.317
MinimumVisualStudioVersion = 10.0.40219.1
Project("{9A19103F-16F7-4668-BE54-9A1E7A4F7556}") = "NHSOnline.MetricLogFunctionApp", "NHSOnline.MetricLogFunctionApp\NHSOnline.MetricLogFunctionApp.csproj", "{4EBF8AAA-E4C8-456E-A700-1D4641865045}"
EndProject
Project("{FAE04EC0-301F-11D3-BF4B-00C04F79EFBC}") = "NHSOnline.MetricLogFunctionApp.UnitTests", "NHSOnline.MetricLogFunctionApp.UnitTests\NHSOnline.MetricLogFunctionApp.UnitTests.csproj", "{168DC064-0FA0-4023-B4C2-1E5C4F49052F}"
EndProject
Project("{FAE04EC0-301F-11D3-BF4B-00C04F79EFBC}") = "NHSOnline.MetricLogFunctionApp.IntegrationTests", "NHSOnline.MetricLogFunctionApp.IntegrationTests\NHSOnline.MetricLogFunctionApp.IntegrationTests.csproj", "{0DA26CE0-5CEA-4747-8D63-D92989A2FA4E}"
EndProject
Project("{FAE04EC0-301F-11D3-BF4B-00C04F79EFBC}") = "NHSOnline.HttpMocks", "NHSOnline.HttpMocks\NHSOnline.HttpMocks.csproj", "{45B5C78B-D770-410E-B412-E0F64F0FDA0C}"
EndProject
Global
	GlobalSection(SolutionConfigurationPlatforms) = preSolution
		Debug|Any CPU = Debug|Any CPU
		Release|Any CPU = Release|Any CPU
	EndGlobalSection
	GlobalSection(ProjectConfigurationPlatforms) = postSolution
		{4EBF8AAA-E4C8-456E-A700-1D4641865045}.Debug|Any CPU.ActiveCfg = Debug|Any CPU
		{4EBF8AAA-E4C8-456E-A700-1D4641865045}.Debug|Any CPU.Build.0 = Debug|Any CPU
		{4EBF8AAA-E4C8-456E-A700-1D4641865045}.Release|Any CPU.ActiveCfg = Release|Any CPU
		{4EBF8AAA-E4C8-456E-A700-1D4641865045}.Release|Any CPU.Build.0 = Release|Any CPU
		{168DC064-0FA0-4023-B4C2-1E5C4F49052F}.Debug|Any CPU.ActiveCfg = Debug|Any CPU
		{168DC064-0FA0-4023-B4C2-1E5C4F49052F}.Debug|Any CPU.Build.0 = Debug|Any CPU
		{168DC064-0FA0-4023-B4C2-1E5C4F49052F}.Release|Any CPU.ActiveCfg = Release|Any CPU
		{168DC064-0FA0-4023-B4C2-1E5C4F49052F}.Release|Any CPU.Build.0 = Release|Any CPU
		{0DA26CE0-5CEA-4747-8D63-D92989A2FA4E}.Debug|Any CPU.ActiveCfg = Debug|Any CPU
		{0DA26CE0-5CEA-4747-8D63-D92989A2FA4E}.Debug|Any CPU.Build.0 = Debug|Any CPU
		{0DA26CE0-5CEA-4747-8D63-D92989A2FA4E}.Release|Any CPU.ActiveCfg = Release|Any CPU
		{0DA26CE0-5CEA-4747-8D63-D92989A2FA4E}.Release|Any CPU.Build.0 = Release|Any CPU
		{45B5C78B-D770-410E-B412-E0F64F0FDA0C}.Debug|Any CPU.ActiveCfg = Debug|Any CPU
		{45B5C78B-D770-410E-B412-E0F64F0FDA0C}.Debug|Any CPU.Build.0 = Debug|Any CPU
		{45B5C78B-D770-410E-B412-E0F64F0FDA0C}.Release|Any CPU.ActiveCfg = Release|Any CPU
		{45B5C78B-D770-410E-B412-E0F64F0FDA0C}.Release|Any CPU.Build.0 = Release|Any CPU
	EndGlobalSection
	GlobalSection(SolutionProperties) = preSolution
		HideSolutionNode = FALSE
	EndGlobalSection
	GlobalSection(ExtensibilityGlobals) = postSolution
		SolutionGuid = {75BC9AE8-752A-421E-9DAA-473DFE9DBEB0}
	EndGlobalSection
EndGlobal
