{
  "name": "contracts",
  "version": "1.0.0",
  "lockfileVersion": 1,
  "requires": true,
  "dependencies": {
    "@apidevtools/json-schema-ref-parser": {
      "version": "8.0.0",
      "resolved": "https://pkgs.dev.azure.com/nhsapp/70d4deb2-d387-4e09-b546-da927c2186b9/_packaging/nhsapp-npm-registry/npm/registry/@apidevtools/json-schema-ref-parser/-/json-schema-ref-parser-8.0.0.tgz",
      "integrity": "sha1-nrdJSZs/jZGekLsUHktvZ67kaS0=",
      "requires": {
        "@jsdevtools/ono": "^7.1.0",
        "call-me-maybe": "^1.0.1",
        "js-yaml": "^3.13.1"
      }
    },
    "@apidevtools/openapi-schemas": {
      "version": "2.0.3",
      "resolved": "https://pkgs.dev.azure.com/nhsapp/70d4deb2-d387-4e09-b546-da927c2186b9/_packaging/nhsapp-npm-registry/npm/registry/@apidevtools/openapi-schemas/-/openapi-schemas-2.0.3.tgz",
      "integrity": "sha1-wh8Zi0RbyLipDNT5dTS5be79/LQ="
    },
    "@apidevtools/swagger-methods": {
      "version": "3.0.1",
      "resolved": "https://pkgs.dev.azure.com/nhsapp/70d4deb2-d387-4e09-b546-da927c2186b9/_packaging/nhsapp-npm-registry/npm/registry/@apidevtools/swagger-methods/-/swagger-methods-3.0.1.tgz",
      "integrity": "sha1-zzsca5L4EdPxTVFkXSd/tU3dUhE="
    },
    "@apidevtools/swagger-parser": {
      "version": "9.0.1",
      "resolved": "https://pkgs.dev.azure.com/nhsapp/70d4deb2-d387-4e09-b546-da927c2186b9/_packaging/nhsapp-npm-registry/npm/registry/@apidevtools/swagger-parser/-/swagger-parser-9.0.1.tgz",
      "integrity": "sha1-WS453EEkUqxLNFB6dl5NdP9u2hQ=",
      "requires": {
        "@apidevtools/json-schema-ref-parser": "^8.0.0",
        "@apidevtools/openapi-schemas": "^2.0.2",
        "@apidevtools/swagger-methods": "^3.0.0",
        "@jsdevtools/ono": "^7.1.0",
        "call-me-maybe": "^1.0.1",
        "openapi-types": "^1.3.5",
        "z-schema": "^4.2.2"
      }
    },
    "@jsdevtools/ono": {
      "version": "7.1.2",
      "resolved": "https://pkgs.dev.azure.com/nhsapp/70d4deb2-d387-4e09-b546-da927c2186b9/_packaging/nhsapp-npm-registry/npm/registry/@jsdevtools/ono/-/ono-7.1.2.tgz",
      "integrity": "sha1-NzmVu0CmaGWJp/z+wGsObjBO9sY="
    },
    "@types/color-name": {
      "version": "1.1.1",
      "resolved": "https://pkgs.dev.azure.com/nhsapp/70d4deb2-d387-4e09-b546-da927c2186b9/_packaging/nhsapp-npm-registry/npm/registry/@types/color-name/-/color-name-1.1.1.tgz",
      "integrity": "sha1-HBJhu+qhCoBVu8XYq4S3sq/IRqA="
    },
    "ansi-regex": {
      "version": "5.0.0",
      "resolved": "https://pkgs.dev.azure.com/nhsapp/70d4deb2-d387-4e09-b546-da927c2186b9/_packaging/nhsapp-npm-registry/npm/registry/ansi-regex/-/ansi-regex-5.0.0.tgz",
      "integrity": "sha1-OIU59VF5vzkznIGvMKZU1p+Hy3U="
    },
    "ansi-styles": {
      "version": "4.2.1",
      "resolved": "https://pkgs.dev.azure.com/nhsapp/70d4deb2-d387-4e09-b546-da927c2186b9/_packaging/nhsapp-npm-registry/npm/registry/ansi-styles/-/ansi-styles-4.2.1.tgz",
      "integrity": "sha1-kK51xCTQCNJiTFvynq0xd+v881k=",
      "requires": {
        "@types/color-name": "^1.1.1",
        "color-convert": "^2.0.1"
      }
    },
    "argparse": {
      "version": "1.0.10",
      "resolved": "https://pkgs.dev.azure.com/nhsapp/70d4deb2-d387-4e09-b546-da927c2186b9/_packaging/nhsapp-npm-registry/npm/registry/argparse/-/argparse-1.0.10.tgz",
      "integrity": "sha1-vNZ5HqWuCXJeF+WtmIE0zUCz2RE=",
      "requires": {
        "sprintf-js": "~1.0.2"
      }
    },
    "call-me-maybe": {
      "version": "1.0.1",
      "resolved": "https://pkgs.dev.azure.com/nhsapp/70d4deb2-d387-4e09-b546-da927c2186b9/_packaging/nhsapp-npm-registry/npm/registry/call-me-maybe/-/call-me-maybe-1.0.1.tgz",
      "integrity": "sha1-JtII6onje1y95gJQoV8DHBak1ms="
    },
    "camelcase": {
      "version": "5.3.1",
      "resolved": "https://pkgs.dev.azure.com/nhsapp/70d4deb2-d387-4e09-b546-da927c2186b9/_packaging/nhsapp-npm-registry/npm/registry/camelcase/-/camelcase-5.3.1.tgz",
      "integrity": "sha1-48mzFWnhBoEd8kL3FXJaH0xJQyA="
    },
    "chalk": {
      "version": "3.0.0",
      "resolved": "https://pkgs.dev.azure.com/nhsapp/70d4deb2-d387-4e09-b546-da927c2186b9/_packaging/nhsapp-npm-registry/npm/registry/chalk/-/chalk-3.0.0.tgz",
      "integrity": "sha1-P3PCv1JlkfV0zEksUeJFY0n4ROQ=",
      "requires": {
        "ansi-styles": "^4.1.0",
        "supports-color": "^7.1.0"
      }
    },
    "cliui": {
      "version": "6.0.0",
      "resolved": "https://pkgs.dev.azure.com/nhsapp/70d4deb2-d387-4e09-b546-da927c2186b9/_packaging/nhsapp-npm-registry/npm/registry/cliui/-/cliui-6.0.0.tgz",
      "integrity": "sha1-UR1wLAxOQcoVbX0OlgIfI+EyJbE=",
      "requires": {
        "string-width": "^4.2.0",
        "strip-ansi": "^6.0.0",
        "wrap-ansi": "^6.2.0"
      }
    },
    "color-convert": {
      "version": "2.0.1",
      "resolved": "https://pkgs.dev.azure.com/nhsapp/70d4deb2-d387-4e09-b546-da927c2186b9/_packaging/nhsapp-npm-registry/npm/registry/color-convert/-/color-convert-2.0.1.tgz",
      "integrity": "sha1-ctOmjVmMm9s68q0ehPIdiWq9TeM=",
      "requires": {
        "color-name": "~1.1.4"
      }
    },
    "color-name": {
      "version": "1.1.4",
      "resolved": "https://pkgs.dev.azure.com/nhsapp/70d4deb2-d387-4e09-b546-da927c2186b9/_packaging/nhsapp-npm-registry/npm/registry/color-name/-/color-name-1.1.4.tgz",
      "integrity": "sha1-wqCah6y95pVD3m9j+jmVyCbFNqI="
    },
    "commander": {
      "version": "2.20.3",
      "resolved": "https://pkgs.dev.azure.com/nhsapp/70d4deb2-d387-4e09-b546-da927c2186b9/_packaging/nhsapp-npm-registry/npm/registry/commander/-/commander-2.20.3.tgz",
      "integrity": "sha1-/UhehMA+tIgcIHIrpIA16FMa6zM=",
      "optional": true
    },
    "decamelize": {
      "version": "1.2.0",
      "resolved": "https://pkgs.dev.azure.com/nhsapp/70d4deb2-d387-4e09-b546-da927c2186b9/_packaging/nhsapp-npm-registry/npm/registry/decamelize/-/decamelize-1.2.0.tgz",
      "integrity": "sha1-9lNNFRSCabIDUue+4m9QH5oZEpA="
    },
    "emoji-regex": {
      "version": "8.0.0",
      "resolved": "https://pkgs.dev.azure.com/nhsapp/70d4deb2-d387-4e09-b546-da927c2186b9/_packaging/nhsapp-npm-registry/npm/registry/emoji-regex/-/emoji-regex-8.0.0.tgz",
      "integrity": "sha1-6Bj9ac5cz8tARZT4QpY79TFkzDc="
    },
    "esprima": {
      "version": "4.0.1",
      "resolved": "https://pkgs.dev.azure.com/nhsapp/70d4deb2-d387-4e09-b546-da927c2186b9/_packaging/nhsapp-npm-registry/npm/registry/esprima/-/esprima-4.0.1.tgz",
      "integrity": "sha1-E7BM2z5sXRnfkatph6hpVhmwqnE="
    },
    "find-up": {
      "version": "4.1.0",
      "resolved": "https://pkgs.dev.azure.com/nhsapp/70d4deb2-d387-4e09-b546-da927c2186b9/_packaging/nhsapp-npm-registry/npm/registry/find-up/-/find-up-4.1.0.tgz",
      "integrity": "sha1-l6/n1s3AvFkoWEt8jXsW6KmqXRk=",
      "requires": {
        "locate-path": "^5.0.0",
        "path-exists": "^4.0.0"
      }
    },
    "get-caller-file": {
      "version": "2.0.5",
      "resolved": "https://pkgs.dev.azure.com/nhsapp/70d4deb2-d387-4e09-b546-da927c2186b9/_packaging/nhsapp-npm-registry/npm/registry/get-caller-file/-/get-caller-file-2.0.5.tgz",
      "integrity": "sha1-T5RBKoLbMvNuOwuXQfipf+sDH34="
    },
    "has-flag": {
      "version": "4.0.0",
      "resolved": "https://pkgs.dev.azure.com/nhsapp/70d4deb2-d387-4e09-b546-da927c2186b9/_packaging/nhsapp-npm-registry/npm/registry/has-flag/-/has-flag-4.0.0.tgz",
      "integrity": "sha1-lEdx/ZyByBJlxNaUGGDaBrtZR5s="
    },
    "is-fullwidth-code-point": {
      "version": "3.0.0",
      "resolved": "https://pkgs.dev.azure.com/nhsapp/70d4deb2-d387-4e09-b546-da927c2186b9/_packaging/nhsapp-npm-registry/npm/registry/is-fullwidth-code-point/-/is-fullwidth-code-point-3.0.0.tgz",
      "integrity": "sha1-8Rb4Bk/pCz94RKOJl8C3UFEmnx0="
    },
    "js-yaml": {
      "version": "3.13.1",
      "resolved": "https://pkgs.dev.azure.com/nhsapp/70d4deb2-d387-4e09-b546-da927c2186b9/_packaging/nhsapp-npm-registry/npm/registry/js-yaml/-/js-yaml-3.13.1.tgz",
      "integrity": "sha1-r/FRswv9+o5J4F2iLnQV6d+jeEc=",
      "requires": {
        "argparse": "^1.0.7",
        "esprima": "^4.0.0"
      }
    },
    "json2yaml": {
      "version": "1.1.0",
      "resolved": "https://pkgs.dev.azure.com/nhsapp/70d4deb2-d387-4e09-b546-da927c2186b9/_packaging/nhsapp-npm-registry/npm/registry/json2yaml/-/json2yaml-1.1.0.tgz",
      "integrity": "sha1-VBTZB/mBZYa4DFE+wuOusquBmmw=",
      "requires": {
        "remedial": "1.x"
      }
    },
    "locate-path": {
      "version": "5.0.0",
      "resolved": "https://pkgs.dev.azure.com/nhsapp/70d4deb2-d387-4e09-b546-da927c2186b9/_packaging/nhsapp-npm-registry/npm/registry/locate-path/-/locate-path-5.0.0.tgz",
      "integrity": "sha1-Gvujlq/WdqbUJQTQpno6frn2KqA=",
      "requires": {
        "p-locate": "^4.1.0"
      }
    },
    "lodash.get": {
      "version": "4.4.2",
      "resolved": "https://pkgs.dev.azure.com/nhsapp/70d4deb2-d387-4e09-b546-da927c2186b9/_packaging/nhsapp-npm-registry/npm/registry/lodash.get/-/lodash.get-4.4.2.tgz",
      "integrity": "sha1-LRd/ZS+jHpObRDjVNBSZ36OCXpk="
    },
    "lodash.isequal": {
      "version": "4.5.0",
      "resolved": "https://pkgs.dev.azure.com/nhsapp/70d4deb2-d387-4e09-b546-da927c2186b9/_packaging/nhsapp-npm-registry/npm/registry/lodash.isequal/-/lodash.isequal-4.5.0.tgz",
      "integrity": "sha1-QVxEePK8wwEgwizhDtMib30+GOA="
    },
    "openapi-types": {
      "version": "1.3.5",
      "resolved": "https://pkgs.dev.azure.com/nhsapp/70d4deb2-d387-4e09-b546-da927c2186b9/_packaging/nhsapp-npm-registry/npm/registry/openapi-types/-/openapi-types-1.3.5.tgz",
      "integrity": "sha1-ZxjPvIV/5sbxRx9lsyveu5wQzkA="
    },
    "p-limit": {
      "version": "2.3.0",
      "resolved": "https://pkgs.dev.azure.com/nhsapp/70d4deb2-d387-4e09-b546-da927c2186b9/_packaging/nhsapp-npm-registry/npm/registry/p-limit/-/p-limit-2.3.0.tgz",
      "integrity": "sha1-PdM8ZHohT9//2DWTPrCG2g3CHbE=",
      "requires": {
        "p-try": "^2.0.0"
      }
    },
    "p-locate": {
      "version": "4.1.0",
      "resolved": "https://pkgs.dev.azure.com/nhsapp/70d4deb2-d387-4e09-b546-da927c2186b9/_packaging/nhsapp-npm-registry/npm/registry/p-locate/-/p-locate-4.1.0.tgz",
      "integrity": "sha1-o0KLtwiLOmApL2aRkni3wpetTwc=",
      "requires": {
        "p-limit": "^2.2.0"
      }
    },
    "p-try": {
      "version": "2.2.0",
      "resolved": "https://pkgs.dev.azure.com/nhsapp/70d4deb2-d387-4e09-b546-da927c2186b9/_packaging/nhsapp-npm-registry/npm/registry/p-try/-/p-try-2.2.0.tgz",
      "integrity": "sha1-yyhoVA4xPWHeWPr741zpAE1VQOY="
    },
    "path-exists": {
      "version": "4.0.0",
      "resolved": "https://pkgs.dev.azure.com/nhsapp/70d4deb2-d387-4e09-b546-da927c2186b9/_packaging/nhsapp-npm-registry/npm/registry/path-exists/-/path-exists-4.0.0.tgz",
      "integrity": "sha1-UTvb4tO5XXdi6METfvoZXGxhtbM="
    },
    "remedial": {
      "version": "1.0.8",
      "resolved": "https://pkgs.dev.azure.com/nhsapp/70d4deb2-d387-4e09-b546-da927c2186b9/_packaging/nhsapp-npm-registry/npm/registry/remedial/-/remedial-1.0.8.tgz",
      "integrity": "sha1-peT9UqDklWrbr2LaY6WkanjFeKA="
    },
    "require-directory": {
      "version": "2.1.1",
      "resolved": "https://pkgs.dev.azure.com/nhsapp/70d4deb2-d387-4e09-b546-da927c2186b9/_packaging/nhsapp-npm-registry/npm/registry/require-directory/-/require-directory-2.1.1.tgz",
      "integrity": "sha1-jGStX9MNqxyXbiNE/+f3kqam30I="
    },
    "require-main-filename": {
      "version": "2.0.0",
      "resolved": "https://pkgs.dev.azure.com/nhsapp/70d4deb2-d387-4e09-b546-da927c2186b9/_packaging/nhsapp-npm-registry/npm/registry/require-main-filename/-/require-main-filename-2.0.0.tgz",
      "integrity": "sha1-0LMp7MfMD2Fkn2IhW+aa9UqomJs="
    },
    "set-blocking": {
      "version": "2.0.0",
      "resolved": "https://pkgs.dev.azure.com/nhsapp/70d4deb2-d387-4e09-b546-da927c2186b9/_packaging/nhsapp-npm-registry/npm/registry/set-blocking/-/set-blocking-2.0.0.tgz",
      "integrity": "sha1-BF+XgtARrppoA93TgrJDkrPYkPc="
    },
    "sprintf-js": {
      "version": "1.0.3",
      "resolved": "https://pkgs.dev.azure.com/nhsapp/70d4deb2-d387-4e09-b546-da927c2186b9/_packaging/nhsapp-npm-registry/npm/registry/sprintf-js/-/sprintf-js-1.0.3.tgz",
      "integrity": "sha1-BOaSb2YolTVPPdAVIDYzuFcpfiw="
    },
    "string-width": {
      "version": "4.2.0",
      "resolved": "https://pkgs.dev.azure.com/nhsapp/70d4deb2-d387-4e09-b546-da927c2186b9/_packaging/nhsapp-npm-registry/npm/registry/string-width/-/string-width-4.2.0.tgz",
      "integrity": "sha1-lSGCxGzHssMT0VluYjmSvRY7crU=",
      "requires": {
        "emoji-regex": "^8.0.0",
        "is-fullwidth-code-point": "^3.0.0",
        "strip-ansi": "^6.0.0"
      }
    },
    "strip-ansi": {
      "version": "6.0.0",
      "resolved": "https://pkgs.dev.azure.com/nhsapp/70d4deb2-d387-4e09-b546-da927c2186b9/_packaging/nhsapp-npm-registry/npm/registry/strip-ansi/-/strip-ansi-6.0.0.tgz",
      "integrity": "sha1-CxVx3XZpzNTz4G4U7x7tJiJa5TI=",
      "requires": {
        "ansi-regex": "^5.0.0"
      }
    },
    "supports-color": {
      "version": "7.1.0",
      "resolved": "https://pkgs.dev.azure.com/nhsapp/70d4deb2-d387-4e09-b546-da927c2186b9/_packaging/nhsapp-npm-registry/npm/registry/supports-color/-/supports-color-7.1.0.tgz",
      "integrity": "sha1-aOMlkd9z4lrRxLSRCKLsUHliv9E=",
      "requires": {
        "has-flag": "^4.0.0"
      }
    },
    "swagger-cli": {
      "version": "4.0.2",
      "resolved": "https://pkgs.dev.azure.com/nhsapp/70d4deb2-d387-4e09-b546-da927c2186b9/_packaging/nhsapp-npm-registry/npm/registry/swagger-cli/-/swagger-cli-4.0.2.tgz",
      "integrity": "sha1-zyen8lFYwiFrS+laavnWyWk0Dfw=",
      "requires": {
        "@apidevtools/swagger-cli": "4.0.2"
      },
      "dependencies": {
        "@apidevtools/swagger-cli": {
          "version": "4.0.2",
          "resolved": "https://pkgs.dev.azure.com/nhsapp/70d4deb2-d387-4e09-b546-da927c2186b9/_packaging/nhsapp-npm-registry/npm/registry/@apidevtools/swagger-cli/-/swagger-cli-4.0.2.tgz",
          "integrity": "sha1-NWiMmA6lI2Ld3e/PWUNv/xgy/hY=",
          "requires": {
            "@apidevtools/swagger-parser": "^9.0.1",
            "chalk": "^3.0.0",
            "js-yaml": "^3.13.1",
            "yargs": "^15.3.1"
          }
        }
      }
    },
    "validator": {
      "version": "12.2.0",
      "resolved": "https://pkgs.dev.azure.com/nhsapp/70d4deb2-d387-4e09-b546-da927c2186b9/_packaging/nhsapp-npm-registry/npm/registry/validator/-/validator-12.2.0.tgz",
      "integrity": "sha1-Zg1H6WJnAz/QcAlsOxpvLbQ4Cgo="
    },
    "which-module": {
      "version": "2.0.0",
      "resolved": "https://pkgs.dev.azure.com/nhsapp/70d4deb2-d387-4e09-b546-da927c2186b9/_packaging/nhsapp-npm-registry/npm/registry/which-module/-/which-module-2.0.0.tgz",
      "integrity": "sha1-2e8H3Od7mQK4o6j6SzHD4/fm6Ho="
    },
    "wrap-ansi": {
      "version": "6.2.0",
      "resolved": "https://pkgs.dev.azure.com/nhsapp/70d4deb2-d387-4e09-b546-da927c2186b9/_packaging/nhsapp-npm-registry/npm/registry/wrap-ansi/-/wrap-ansi-6.2.0.tgz",
      "integrity": "sha1-6Tk7oHEC5skaOyIUePAlfNKFblM=",
      "requires": {
        "ansi-styles": "^4.0.0",
        "string-width": "^4.1.0",
        "strip-ansi": "^6.0.0"
      }
    },
    "y18n": {
      "version": "4.0.0",
      "resolved": "https://pkgs.dev.azure.com/nhsapp/70d4deb2-d387-4e09-b546-da927c2186b9/_packaging/nhsapp-npm-registry/npm/registry/y18n/-/y18n-4.0.0.tgz",
      "integrity": "sha1-le+U+F7MgdAHwmThkKEg8KPIVms="
    },
    "yargs": {
      "version": "15.3.1",
      "resolved": "https://pkgs.dev.azure.com/nhsapp/70d4deb2-d387-4e09-b546-da927c2186b9/_packaging/nhsapp-npm-registry/npm/registry/yargs/-/yargs-15.3.1.tgz",
      "integrity": "sha1-lQW0cnY5Y+VK/mAUitJ6MwgY6Ys=",
      "requires": {
        "cliui": "^6.0.0",
        "decamelize": "^1.2.0",
        "find-up": "^4.1.0",
        "get-caller-file": "^2.0.1",
        "require-directory": "^2.1.1",
        "require-main-filename": "^2.0.0",
        "set-blocking": "^2.0.0",
        "string-width": "^4.2.0",
        "which-module": "^2.0.0",
        "y18n": "^4.0.0",
        "yargs-parser": "^18.1.1"
      }
    },
    "yargs-parser": {
      "version": "18.1.3",
      "resolved": "https://pkgs.dev.azure.com/nhsapp/70d4deb2-d387-4e09-b546-da927c2186b9/_packaging/nhsapp-npm-registry/npm/registry/yargs-parser/-/yargs-parser-18.1.3.tgz",
      "integrity": "sha1-vmjEl1xrKr9GkjawyHA2L6sJp7A=",
      "requires": {
        "camelcase": "^5.0.0",
        "decamelize": "^1.2.0"
      }
    },
    "z-schema": {
      "version": "4.2.3",
      "resolved": "https://pkgs.dev.azure.com/nhsapp/70d4deb2-d387-4e09-b546-da927c2186b9/_packaging/nhsapp-npm-registry/npm/registry/z-schema/-/z-schema-4.2.3.tgz",
      "integrity": "sha1-hffup+bU/lmkg0YqmPURvXj+mII=",
      "requires": {
        "commander": "^2.7.1",
        "lodash.get": "^4.4.2",
        "lodash.isequal": "^4.5.0",
        "validator": "^12.0.0"
      }
    }
  }
}
