// !$*UTF8*$!
{
	archiveVersion = 1;
	classes = {
	};
	objectVersion = 48;
	objects = {

/* Begin PBXBuildFile section */
		105BB9872179B67400571671 /* Scratch5.xcconfig in Resources */ = {isa = PBXBuildFile; fileRef = 105BB9862179B67400571671 /* Scratch5.xcconfig */; };
		105BB98C2179C08300571671 /* Scratch6.xcconfig in Resources */ = {isa = PBXBuildFile; fileRef = 105BB98B2179C08300571671 /* Scratch6.xcconfig */; };
		105BB98E2179C09200571671 /* Scratch7.xcconfig in Resources */ = {isa = PBXBuildFile; fileRef = 105BB98D2179C09200571671 /* Scratch7.xcconfig */; };
		105BB9902179C0A300571671 /* Scratch8.xcconfig in Resources */ = {isa = PBXBuildFile; fileRef = 105BB98F2179C0A300571671 /* Scratch8.xcconfig */; };
		105BB9922179C0B100571671 /* Scratch9.xcconfig in Resources */ = {isa = PBXBuildFile; fileRef = 105BB9912179C0B100571671 /* Scratch9.xcconfig */; };
		105BB9942179C0C400571671 /* Scratch10.xcconfig in Resources */ = {isa = PBXBuildFile; fileRef = 105BB9932179C0C400571671 /* Scratch10.xcconfig */; };
		138DF3772111CF6F00D71A64 /* UnsecureWebViewController.swift in Sources */ = {isa = PBXBuildFile; fileRef = 138DF3762111CF6F00D71A64 /* UnsecureWebViewController.swift */; };
		13BA17E321232D1500DF724B /* UnsecureViewController.swift in Sources */ = {isa = PBXBuildFile; fileRef = 13BA17E221232D1500DF724B /* UnsecureViewController.swift */; };
		13BA17E7212C4ED200DF724B /* UnsecureWebViewDelegate.swift in Sources */ = {isa = PBXBuildFile; fileRef = 13BA17E6212C4ED200DF724B /* UnsecureWebViewDelegate.swift */; };
		4649682620C7D97300FDDE87 /* LifecycleHandlers.swift in Sources */ = {isa = PBXBuildFile; fileRef = 4649682520C7D97300FDDE87 /* LifecycleHandlers.swift */; };
		609C4E6B08DE341B11E42E7F /* DateTime_Extensions.swift in Sources */ = {isa = PBXBuildFile; fileRef = 609C40AD62E44AC0C0D3247A /* DateTime_Extensions.swift */; };
		9200DC9F21428562009EFFEF /* Reachability.swift in Sources */ = {isa = PBXBuildFile; fileRef = 9200DC9E21428562009EFFEF /* Reachability.swift */; };
		925C3D5E2110C78700534AC5 /* assets in Resources */ = {isa = PBXBuildFile; fileRef = 925C3D5D2110C78600534AC5 /* assets */; };
		981E9E32214E5FB300DA80EB /* Config.swift in Sources */ = {isa = PBXBuildFile; fileRef = 981E9E31214E5FB300DA80EB /* Config.swift */; };
		C20578032028B94800CDBDC5 /* AppDelegate.swift in Sources */ = {isa = PBXBuildFile; fileRef = C20578022028B94800CDBDC5 /* AppDelegate.swift */; };
		C20578082028B94800CDBDC5 /* Main.storyboard in Resources */ = {isa = PBXBuildFile; fileRef = C20578062028B94800CDBDC5 /* Main.storyboard */; };
		C205780A2028B94800CDBDC5 /* Assets.xcassets in Resources */ = {isa = PBXBuildFile; fileRef = C20578092028B94800CDBDC5 /* Assets.xcassets */; };
		C205780D2028B94800CDBDC5 /* LaunchScreen.storyboard in Resources */ = {isa = PBXBuildFile; fileRef = C205780B2028B94800CDBDC5 /* LaunchScreen.storyboard */; };
		C21428212164B21300F00948 /* KnownService.swift in Sources */ = {isa = PBXBuildFile; fileRef = C21428202164B21300F00948 /* KnownService.swift */; };
		C2142823216512D200F00948 /* KnownServices.swift in Sources */ = {isa = PBXBuildFile; fileRef = C2142822216512D200F00948 /* KnownServices.swift */; };
		C22B8555206B9B0E00530354 /* CALayer_Extensions.swift in Sources */ = {isa = PBXBuildFile; fileRef = C22B8554206B9B0E00530354 /* CALayer_Extensions.swift */; };
		C2357EBA216574F20033B98F /* KnownServiceTests.swift in Sources */ = {isa = PBXBuildFile; fileRef = C2357EB9216574F20033B98F /* KnownServiceTests.swift */; };
		C2357EBC216575460033B98F /* KnownServicesTests.swift in Sources */ = {isa = PBXBuildFile; fileRef = C2357EBB216575460033B98F /* KnownServicesTests.swift */; };
		C2697F2920C66B8E001DD790 /* ErrorTextView.swift in Sources */ = {isa = PBXBuildFile; fileRef = C2697F2820C66B8E001DD790 /* ErrorTextView.swift */; };
		C276D564207B638400F3B1E5 /* HeaderBar.swift in Sources */ = {isa = PBXBuildFile; fileRef = C276D563207B638400F3B1E5 /* HeaderBar.swift */; };
		C2BEAEC520D10C9E00FB1D56 /* UIView_Extension.swift in Sources */ = {isa = PBXBuildFile; fileRef = C2BEAEC420D10C9E00FB1D56 /* UIView_Extension.swift */; };
		C2BFD3BF20C935D800D3E361 /* ErrorMessage.swift in Sources */ = {isa = PBXBuildFile; fileRef = C2BFD3BE20C935D800D3E361 /* ErrorMessage.swift */; };
		C2D9864120C7BE5900F19792 /* ErrorTextViewTests.swift in Sources */ = {isa = PBXBuildFile; fileRef = C2D9864020C7BE5900F19792 /* ErrorTextViewTests.swift */; };
		C2ED05D621427E950036189C /* TabBar_Extension.swift in Sources */ = {isa = PBXBuildFile; fileRef = C2ED05D521427E950036189C /* TabBar_Extension.swift */; };
		F01745AB207B8F1A00877E4D /* WebViewUrlTests.swift in Sources */ = {isa = PBXBuildFile; fileRef = F01745AA207B8F1A00877E4D /* WebViewUrlTests.swift */; };
		F01745BB207BA39200877E4D /* SafariTests.swift in Sources */ = {isa = PBXBuildFile; fileRef = C20578172028B94800CDBDC5 /* SafariTests.swift */; };
		F026199B2050AFE100EDDFE0 /* WebViewController.swift in Sources */ = {isa = PBXBuildFile; fileRef = F026199A2050AFE100EDDFE0 /* WebViewController.swift */; };
		F057336920A72F040059032D /* HeaderBar.xib in Resources */ = {isa = PBXBuildFile; fileRef = F057336B20A72F040059032D /* HeaderBar.xib */; };
		F065B3D8205FCFFE004EF388 /* HomeViewController.swift in Sources */ = {isa = PBXBuildFile; fileRef = F065B3D7205FCFFE004EF388 /* HomeViewController.swift */; };
		F065B3DA205FDFC6004EF388 /* TabBarDelegate.swift in Sources */ = {isa = PBXBuildFile; fileRef = F065B3D9205FDFC6004EF388 /* TabBarDelegate.swift */; };
		F07607F320B44C0300069F7F /* WebEvents.js in Resources */ = {isa = PBXBuildFile; fileRef = F07607F220B44C0300069F7F /* WebEvents.js */; };
		F07607F620B465E400069F7F /* FileReader.swift in Sources */ = {isa = PBXBuildFile; fileRef = F07607F520B465E400069F7F /* FileReader.swift */; };
		F0B4B8B8204D68DC004E4120 /* Localizable.strings in Resources */ = {isa = PBXBuildFile; fileRef = F0B4B8BA204D68DC004E4120 /* Localizable.strings */; };
		F0B7D870204EA1990078D56E /* WKWebView_Extensions.swift in Sources */ = {isa = PBXBuildFile; fileRef = F0B7D86F204EA1990078D56E /* WKWebView_Extensions.swift */; };
		F0D2E5D620501EAA0067DEC4 /* WebViewDelegate.swift in Sources */ = {isa = PBXBuildFile; fileRef = F0D2E5D520501EAA0067DEC4 /* WebViewDelegate.swift */; };
		F0F2A8B3205138C700394B2F /* PageUnavailabilityViewController.swift in Sources */ = {isa = PBXBuildFile; fileRef = F0F2A8B2205138C700394B2F /* PageUnavailabilityViewController.swift */; };
/* End PBXBuildFile section */

/* Begin PBXContainerItemProxy section */
		C20578142028B94800CDBDC5 /* PBXContainerItemProxy */ = {
			isa = PBXContainerItemProxy;
			containerPortal = C20577F72028B94800CDBDC5 /* Project object */;
			proxyType = 1;
			remoteGlobalIDString = C20577FE2028B94800CDBDC5;
			remoteInfo = NHSOnline;
		};
/* End PBXContainerItemProxy section */

/* Begin PBXFileReference section */
		105BB9762178DC4300571671 /* Scratch1.xcconfig */ = {isa = PBXFileReference; lastKnownFileType = text.xcconfig; path = Scratch1.xcconfig; sourceTree = "<group>"; };
		105BB9772178DC5200571671 /* Scratch2.xcconfig */ = {isa = PBXFileReference; lastKnownFileType = text.xcconfig; path = Scratch2.xcconfig; sourceTree = "<group>"; };
		105BB9782178DC5D00571671 /* Scratch3.xcconfig */ = {isa = PBXFileReference; lastKnownFileType = text.xcconfig; path = Scratch3.xcconfig; sourceTree = "<group>"; };
		105BB9792178DC6C00571671 /* Scratch4.xcconfig */ = {isa = PBXFileReference; lastKnownFileType = text.xcconfig; path = Scratch4.xcconfig; sourceTree = "<group>"; };
		105BB9862179B67400571671 /* Scratch5.xcconfig */ = {isa = PBXFileReference; lastKnownFileType = text.xcconfig; path = Scratch5.xcconfig; sourceTree = "<group>"; };
		105BB98B2179C08300571671 /* Scratch6.xcconfig */ = {isa = PBXFileReference; lastKnownFileType = text.xcconfig; path = Scratch6.xcconfig; sourceTree = "<group>"; };
		105BB98D2179C09200571671 /* Scratch7.xcconfig */ = {isa = PBXFileReference; lastKnownFileType = text.xcconfig; path = Scratch7.xcconfig; sourceTree = "<group>"; };
		105BB98F2179C0A300571671 /* Scratch8.xcconfig */ = {isa = PBXFileReference; lastKnownFileType = text.xcconfig; path = Scratch8.xcconfig; sourceTree = "<group>"; };
		105BB9912179C0B100571671 /* Scratch9.xcconfig */ = {isa = PBXFileReference; lastKnownFileType = text.xcconfig; path = Scratch9.xcconfig; sourceTree = "<group>"; };
		105BB9932179C0C400571671 /* Scratch10.xcconfig */ = {isa = PBXFileReference; lastKnownFileType = text.xcconfig; path = Scratch10.xcconfig; sourceTree = "<group>"; };
		105BB9A42186FA3E00571671 /* Defaults.xcconfig */ = {isa = PBXFileReference; lastKnownFileType = text.xcconfig; path = Defaults.xcconfig; sourceTree = "<group>"; };
		138DF3762111CF6F00D71A64 /* UnsecureWebViewController.swift */ = {isa = PBXFileReference; lastKnownFileType = sourcecode.swift; path = UnsecureWebViewController.swift; sourceTree = "<group>"; };
		13BA17E221232D1500DF724B /* UnsecureViewController.swift */ = {isa = PBXFileReference; lastKnownFileType = sourcecode.swift; path = UnsecureViewController.swift; sourceTree = "<group>"; };
		13BA17E6212C4ED200DF724B /* UnsecureWebViewDelegate.swift */ = {isa = PBXFileReference; lastKnownFileType = sourcecode.swift; path = UnsecureWebViewDelegate.swift; sourceTree = "<group>"; };
		2E111D432183720700DB39B7 /* Preview.xcconfig */ = {isa = PBXFileReference; lastKnownFileType = text.xcconfig; path = Preview.xcconfig; sourceTree = "<group>"; };
		4649682520C7D97300FDDE87 /* LifecycleHandlers.swift */ = {isa = PBXFileReference; lastKnownFileType = sourcecode.swift; path = LifecycleHandlers.swift; sourceTree = "<group>"; };
		609C40AD62E44AC0C0D3247A /* DateTime_Extensions.swift */ = {isa = PBXFileReference; fileEncoding = 4; lastKnownFileType = sourcecode.swift; path = DateTime_Extensions.swift; sourceTree = "<group>"; };
		9200DC9E21428562009EFFEF /* Reachability.swift */ = {isa = PBXFileReference; lastKnownFileType = sourcecode.swift; path = Reachability.swift; sourceTree = "<group>"; };
		925C3D5D2110C78600534AC5 /* assets */ = {isa = PBXFileReference; lastKnownFileType = folder; name = assets; path = ../../android/app/src/main/assets; sourceTree = "<group>"; };
		981E9E31214E5FB300DA80EB /* Config.swift */ = {isa = PBXFileReference; fileEncoding = 4; lastKnownFileType = sourcecode.swift; path = Config.swift; sourceTree = "<group>"; };
		981E9E33214E8EA200DA80EB /* Development.xcconfig */ = {isa = PBXFileReference; lastKnownFileType = text.xcconfig; path = Development.xcconfig; sourceTree = "<group>"; };
		981E9E34214E8F1000DA80EB /* Demo.xcconfig */ = {isa = PBXFileReference; lastKnownFileType = text.xcconfig; path = Demo.xcconfig; sourceTree = "<group>"; };
		981E9E35214E8F2000DA80EB /* Production.xcconfig */ = {isa = PBXFileReference; lastKnownFileType = text.xcconfig; path = Production.xcconfig; sourceTree = "<group>"; };
		C20577FF2028B94800CDBDC5 /* NHSOnline.app */ = {isa = PBXFileReference; explicitFileType = wrapper.application; includeInIndex = 0; path = NHSOnline.app; sourceTree = BUILT_PRODUCTS_DIR; };
		C20578022028B94800CDBDC5 /* AppDelegate.swift */ = {isa = PBXFileReference; lastKnownFileType = sourcecode.swift; path = AppDelegate.swift; sourceTree = "<group>"; };
		C20578072028B94800CDBDC5 /* Base */ = {isa = PBXFileReference; lastKnownFileType = file.storyboard; name = Base; path = Base.lproj/Main.storyboard; sourceTree = "<group>"; };
		C20578092028B94800CDBDC5 /* Assets.xcassets */ = {isa = PBXFileReference; lastKnownFileType = folder.assetcatalog; path = Assets.xcassets; sourceTree = "<group>"; };
		C205780C2028B94800CDBDC5 /* Base */ = {isa = PBXFileReference; lastKnownFileType = file.storyboard; name = Base; path = Base.lproj/LaunchScreen.storyboard; sourceTree = "<group>"; };
		C205780E2028B94800CDBDC5 /* Info.plist */ = {isa = PBXFileReference; lastKnownFileType = text.plist.xml; path = Info.plist; sourceTree = "<group>"; };
		C20578132028B94800CDBDC5 /* NHSOnlineTests.xctest */ = {isa = PBXFileReference; explicitFileType = wrapper.cfbundle; includeInIndex = 0; path = NHSOnlineTests.xctest; sourceTree = BUILT_PRODUCTS_DIR; };
		C20578172028B94800CDBDC5 /* SafariTests.swift */ = {isa = PBXFileReference; lastKnownFileType = sourcecode.swift; path = SafariTests.swift; sourceTree = "<group>"; };
		C21428202164B21300F00948 /* KnownService.swift */ = {isa = PBXFileReference; lastKnownFileType = sourcecode.swift; path = KnownService.swift; sourceTree = "<group>"; };
		C2142822216512D200F00948 /* KnownServices.swift */ = {isa = PBXFileReference; lastKnownFileType = sourcecode.swift; path = KnownServices.swift; sourceTree = "<group>"; };
		C22B8554206B9B0E00530354 /* CALayer_Extensions.swift */ = {isa = PBXFileReference; lastKnownFileType = sourcecode.swift; path = CALayer_Extensions.swift; sourceTree = "<group>"; };
		C2357EB9216574F20033B98F /* KnownServiceTests.swift */ = {isa = PBXFileReference; lastKnownFileType = sourcecode.swift; path = KnownServiceTests.swift; sourceTree = "<group>"; };
		C2357EBB216575460033B98F /* KnownServicesTests.swift */ = {isa = PBXFileReference; lastKnownFileType = sourcecode.swift; path = KnownServicesTests.swift; sourceTree = "<group>"; };
		C2697F2820C66B8E001DD790 /* ErrorTextView.swift */ = {isa = PBXFileReference; lastKnownFileType = sourcecode.swift; path = ErrorTextView.swift; sourceTree = "<group>"; };
		C276D563207B638400F3B1E5 /* HeaderBar.swift */ = {isa = PBXFileReference; lastKnownFileType = sourcecode.swift; path = HeaderBar.swift; sourceTree = "<group>"; };
		C2BEAEC420D10C9E00FB1D56 /* UIView_Extension.swift */ = {isa = PBXFileReference; lastKnownFileType = sourcecode.swift; path = UIView_Extension.swift; sourceTree = "<group>"; };
		C2BFD3BE20C935D800D3E361 /* ErrorMessage.swift */ = {isa = PBXFileReference; lastKnownFileType = sourcecode.swift; path = ErrorMessage.swift; sourceTree = "<group>"; };
		C2D9864020C7BE5900F19792 /* ErrorTextViewTests.swift */ = {isa = PBXFileReference; lastKnownFileType = sourcecode.swift; path = ErrorTextViewTests.swift; sourceTree = "<group>"; };
		C2ED05D521427E950036189C /* TabBar_Extension.swift */ = {isa = PBXFileReference; lastKnownFileType = sourcecode.swift; path = TabBar_Extension.swift; sourceTree = "<group>"; };
		F01745A6207B700700877E4D /* Info.plist */ = {isa = PBXFileReference; fileEncoding = 4; lastKnownFileType = text.plist.xml; path = Info.plist; sourceTree = "<group>"; };
		F01745AA207B8F1A00877E4D /* WebViewUrlTests.swift */ = {isa = PBXFileReference; lastKnownFileType = sourcecode.swift; path = WebViewUrlTests.swift; sourceTree = "<group>"; };
		F026199A2050AFE100EDDFE0 /* WebViewController.swift */ = {isa = PBXFileReference; lastKnownFileType = sourcecode.swift; path = WebViewController.swift; sourceTree = "<group>"; };
		F057336A20A72F040059032D /* Base */ = {isa = PBXFileReference; lastKnownFileType = file.xib; name = Base; path = Base.lproj/HeaderBar.xib; sourceTree = "<group>"; };
		F065B3D7205FCFFE004EF388 /* HomeViewController.swift */ = {isa = PBXFileReference; lastKnownFileType = sourcecode.swift; path = HomeViewController.swift; sourceTree = "<group>"; };
		F065B3D9205FDFC6004EF388 /* TabBarDelegate.swift */ = {isa = PBXFileReference; lastKnownFileType = sourcecode.swift; path = TabBarDelegate.swift; sourceTree = "<group>"; };
		F07607F220B44C0300069F7F /* WebEvents.js */ = {isa = PBXFileReference; lastKnownFileType = sourcecode.javascript; path = WebEvents.js; sourceTree = "<group>"; };
		F07607F520B465E400069F7F /* FileReader.swift */ = {isa = PBXFileReference; lastKnownFileType = sourcecode.swift; path = FileReader.swift; sourceTree = "<group>"; };
		F0B4B8B2204D50E9004E4120 /* en */ = {isa = PBXFileReference; lastKnownFileType = text.plist.strings; name = en; path = en.lproj/Main.strings; sourceTree = "<group>"; };
		F0B4B8B9204D68DC004E4120 /* en */ = {isa = PBXFileReference; lastKnownFileType = text.plist.strings; name = en; path = en.lproj/Localizable.strings; sourceTree = "<group>"; };
		F0B7D86F204EA1990078D56E /* WKWebView_Extensions.swift */ = {isa = PBXFileReference; lastKnownFileType = sourcecode.swift; path = WKWebView_Extensions.swift; sourceTree = "<group>"; };
		F0D2E5D520501EAA0067DEC4 /* WebViewDelegate.swift */ = {isa = PBXFileReference; lastKnownFileType = sourcecode.swift; path = WebViewDelegate.swift; sourceTree = "<group>"; };
		F0F2A8B2205138C700394B2F /* PageUnavailabilityViewController.swift */ = {isa = PBXFileReference; lastKnownFileType = sourcecode.swift; path = PageUnavailabilityViewController.swift; sourceTree = "<group>"; };
/* End PBXFileReference section */

/* Begin PBXFrameworksBuildPhase section */
		C20577FC2028B94800CDBDC5 /* Frameworks */ = {
			isa = PBXFrameworksBuildPhase;
			buildActionMask = 2147483647;
			files = (
			);
			runOnlyForDeploymentPostprocessing = 0;
		};
		C20578102028B94800CDBDC5 /* Frameworks */ = {
			isa = PBXFrameworksBuildPhase;
			buildActionMask = 2147483647;
			files = (
			);
			runOnlyForDeploymentPostprocessing = 0;
		};
/* End PBXFrameworksBuildPhase section */

/* Begin PBXGroup section */
		105BB9752178DC1700571671 /* Configurations */ = {
			isa = PBXGroup;
			children = (
				981E9E33214E8EA200DA80EB /* Development.xcconfig */,
				981E9E34214E8F1000DA80EB /* Demo.xcconfig */,
				981E9E35214E8F2000DA80EB /* Production.xcconfig */,
				105BB9762178DC4300571671 /* Scratch1.xcconfig */,
				105BB9772178DC5200571671 /* Scratch2.xcconfig */,
				105BB9782178DC5D00571671 /* Scratch3.xcconfig */,
				105BB9792178DC6C00571671 /* Scratch4.xcconfig */,
				105BB9862179B67400571671 /* Scratch5.xcconfig */,
				105BB98B2179C08300571671 /* Scratch6.xcconfig */,
				105BB98D2179C09200571671 /* Scratch7.xcconfig */,
				105BB98F2179C0A300571671 /* Scratch8.xcconfig */,
				105BB9912179C0B100571671 /* Scratch9.xcconfig */,
				105BB9932179C0C400571671 /* Scratch10.xcconfig */,
				105BB9A42186FA3E00571671 /* Defaults.xcconfig */,
			);
			path = Configurations;
			sourceTree = "<group>";
		};
		4649682420C7D94B00FDDE87 /* Lifecycle */ = {
			isa = PBXGroup;
			children = (
				4649682520C7D97300FDDE87 /* LifecycleHandlers.swift */,
			);
			path = Lifecycle;
			sourceTree = "<group>";
		};
		9200DC9D2142854C009EFFEF /* Network */ = {
			isa = PBXGroup;
			children = (
				9200DC9E21428562009EFFEF /* Reachability.swift */,
			);
			path = Network;
			sourceTree = "<group>";
		};
		C20577F62028B94800CDBDC5 = {
			isa = PBXGroup;
			children = (
				C20578012028B94800CDBDC5 /* NHSOnline */,
				C20578162028B94800CDBDC5 /* NHSOnlineTests */,
				C20578002028B94800CDBDC5 /* Products */,
				925C3D5D2110C78600534AC5 /* assets */,
			);
			sourceTree = "<group>";
		};
		C20578002028B94800CDBDC5 /* Products */ = {
			isa = PBXGroup;
			children = (
				C20577FF2028B94800CDBDC5 /* NHSOnline.app */,
				C20578132028B94800CDBDC5 /* NHSOnlineTests.xctest */,
			);
			name = Products;
			sourceTree = "<group>";
		};
		C20578012028B94800CDBDC5 /* NHSOnline */ = {
			isa = PBXGroup;
			children = (
				981E9E31214E5FB300DA80EB /* Config.swift */,
				9200DC9D2142854C009EFFEF /* Network */,
				4649682420C7D94B00FDDE87 /* Lifecycle */,
				C2BFD3BD20C9358F00D3E361 /* Data */,
				F07607F420B4655B00069F7F /* Utils */,
				F07607F120B44B6900069F7F /* JavaScript */,
				C276D560207B571A00F3B1E5 /* Views */,
				C276D5542076557400F3B1E5 /* Services */,
				F0D2E5D2205007200067DEC4 /* Delegates */,
				F0B7D86D204EA0F40078D56E /* Extensions */,
				F0B7D860204E8B8A0078D56E /* ContainerViewControllers */,
				C20578022028B94800CDBDC5 /* AppDelegate.swift */,
				C20578062028B94800CDBDC5 /* Main.storyboard */,
				C20578092028B94800CDBDC5 /* Assets.xcassets */,
				C205780B2028B94800CDBDC5 /* LaunchScreen.storyboard */,
				C205780E2028B94800CDBDC5 /* Info.plist */,
				F0B4B8BA204D68DC004E4120 /* Localizable.strings */,
				F065B3D7205FCFFE004EF388 /* HomeViewController.swift */,
				13BA17E221232D1500DF724B /* UnsecureViewController.swift */,
				105BB9752178DC1700571671 /* Configurations */,
			);
			path = NHSOnline;
			sourceTree = "<group>";
		};
		C20578162028B94800CDBDC5 /* NHSOnlineTests */ = {
			isa = PBXGroup;
			children = (
				F01745A6207B700700877E4D /* Info.plist */,
				C20578172028B94800CDBDC5 /* SafariTests.swift */,
				F01745AA207B8F1A00877E4D /* WebViewUrlTests.swift */,
				C2D9864020C7BE5900F19792 /* ErrorTextViewTests.swift */,
				C2357EB9216574F20033B98F /* KnownServiceTests.swift */,
				C2357EBB216575460033B98F /* KnownServicesTests.swift */,
			);
			path = NHSOnlineTests;
			sourceTree = "<group>";
		};
		C276D5542076557400F3B1E5 /* Services */ = {
			isa = PBXGroup;
			children = (
				C21428202164B21300F00948 /* KnownService.swift */,
				C2142822216512D200F00948 /* KnownServices.swift */,
			);
			path = Services;
			sourceTree = "<group>";
		};
		C276D560207B571A00F3B1E5 /* Views */ = {
			isa = PBXGroup;
			children = (
				C2D9864320C8003800F19792 /* ErrorTextView */,
				C2D9864220C8000C00F19792 /* HeaderBar */,
			);
			path = Views;
			sourceTree = "<group>";
		};
		C2BFD3BD20C9358F00D3E361 /* Data */ = {
			isa = PBXGroup;
			children = (
				C2BFD3BE20C935D800D3E361 /* ErrorMessage.swift */,
			);
			path = Data;
			sourceTree = "<group>";
		};
		C2D9864220C8000C00F19792 /* HeaderBar */ = {
			isa = PBXGroup;
			children = (
				F057336B20A72F040059032D /* HeaderBar.xib */,
				C276D563207B638400F3B1E5 /* HeaderBar.swift */,
			);
			path = HeaderBar;
			sourceTree = "<group>";
		};
		C2D9864320C8003800F19792 /* ErrorTextView */ = {
			isa = PBXGroup;
			children = (
				C2697F2820C66B8E001DD790 /* ErrorTextView.swift */,
			);
			path = ErrorTextView;
			sourceTree = "<group>";
		};
		F07607F120B44B6900069F7F /* JavaScript */ = {
			isa = PBXGroup;
			children = (
				F07607F220B44C0300069F7F /* WebEvents.js */,
			);
			path = JavaScript;
			sourceTree = "<group>";
		};
		F07607F420B4655B00069F7F /* Utils */ = {
			isa = PBXGroup;
			children = (
				F07607F520B465E400069F7F /* FileReader.swift */,
			);
			name = Utils;
			path = "New Group";
			sourceTree = "<group>";
		};
		F0B7D860204E8B8A0078D56E /* ContainerViewControllers */ = {
			isa = PBXGroup;
			children = (
				F0F2A8B2205138C700394B2F /* PageUnavailabilityViewController.swift */,
				F026199A2050AFE100EDDFE0 /* WebViewController.swift */,
				138DF3762111CF6F00D71A64 /* UnsecureWebViewController.swift */,
			);
			path = ContainerViewControllers;
			sourceTree = "<group>";
		};
		F0B7D86D204EA0F40078D56E /* Extensions */ = {
			isa = PBXGroup;
			children = (
				F0B7D86F204EA1990078D56E /* WKWebView_Extensions.swift */,
				C22B8554206B9B0E00530354 /* CALayer_Extensions.swift */,
				C2BEAEC420D10C9E00FB1D56 /* UIView_Extension.swift */,
				C2ED05D521427E950036189C /* TabBar_Extension.swift */,
				609C40AD62E44AC0C0D3247A /* DateTime_Extensions.swift */,
			);
			path = Extensions;
			sourceTree = "<group>";
		};
		F0D2E5D2205007200067DEC4 /* Delegates */ = {
			isa = PBXGroup;
			children = (
				F0D2E5D520501EAA0067DEC4 /* WebViewDelegate.swift */,
				F065B3D9205FDFC6004EF388 /* TabBarDelegate.swift */,
				13BA17E6212C4ED200DF724B /* UnsecureWebViewDelegate.swift */,
			);
			path = Delegates;
			sourceTree = "<group>";
		};
/* End PBXGroup section */

/* Begin PBXNativeTarget section */
		C20577FE2028B94800CDBDC5 /* NHSOnline */ = {
			isa = PBXNativeTarget;
			buildConfigurationList = C20578272028B94800CDBDC5 /* Build configuration list for PBXNativeTarget "NHSOnline" */;
			buildPhases = (
				C20577FB2028B94800CDBDC5 /* Sources */,
				C20577FC2028B94800CDBDC5 /* Frameworks */,
				C20577FD2028B94800CDBDC5 /* Resources */,
			);
			buildRules = (
			);
			dependencies = (
			);
			name = NHSOnline;
			productName = NHSOnline;
			productReference = C20577FF2028B94800CDBDC5 /* NHSOnline.app */;
			productType = "com.apple.product-type.application";
		};
		C20578122028B94800CDBDC5 /* NHSOnlineTests */ = {
			isa = PBXNativeTarget;
			buildConfigurationList = C205782A2028B94800CDBDC5 /* Build configuration list for PBXNativeTarget "NHSOnlineTests" */;
			buildPhases = (
				C205780F2028B94800CDBDC5 /* Sources */,
				C20578102028B94800CDBDC5 /* Frameworks */,
				C20578112028B94800CDBDC5 /* Resources */,
			);
			buildRules = (
			);
			dependencies = (
				C20578152028B94800CDBDC5 /* PBXTargetDependency */,
			);
			name = NHSOnlineTests;
			productName = NHSOnlineTests;
			productReference = C20578132028B94800CDBDC5 /* NHSOnlineTests.xctest */;
			productType = "com.apple.product-type.bundle.unit-test";
		};
/* End PBXNativeTarget section */

/* Begin PBXProject section */
		C20577F72028B94800CDBDC5 /* Project object */ = {
			isa = PBXProject;
			attributes = {
				KnownAssetTags = (
					0,
					1,
				);
				LastSwiftUpdateCheck = 0920;
				LastUpgradeCheck = 0940;
				ORGANIZATIONNAME = "NHS Digital";
				TargetAttributes = {
					C20577FE2028B94800CDBDC5 = {
						CreatedOnToolsVersion = 9.2;
						ProvisioningStyle = Manual;
						SystemCapabilities = {
							com.apple.SafariKeychain = {
								enabled = 1;
							};
						};
					};
					C20578122028B94800CDBDC5 = {
						CreatedOnToolsVersion = 9.2;
						ProvisioningStyle = Automatic;
						TestTargetID = C20577FE2028B94800CDBDC5;
					};
				};
			};
			buildConfigurationList = C20577FA2028B94800CDBDC5 /* Build configuration list for PBXProject "NHSOnline" */;
			compatibilityVersion = "Xcode 8.0";
			developmentRegion = en;
			hasScannedForEncodings = 0;
			knownRegions = (
				en,
				Base,
			);
			mainGroup = C20577F62028B94800CDBDC5;
			productRefGroup = C20578002028B94800CDBDC5 /* Products */;
			projectDirPath = "";
			projectRoot = "";
			targets = (
				C20577FE2028B94800CDBDC5 /* NHSOnline */,
				C20578122028B94800CDBDC5 /* NHSOnlineTests */,
			);
		};
/* End PBXProject section */

/* Begin PBXResourcesBuildPhase section */
		C20577FD2028B94800CDBDC5 /* Resources */ = {
			isa = PBXResourcesBuildPhase;
			buildActionMask = 2147483647;
			files = (
				925C3D5E2110C78700534AC5 /* assets in Resources */,
				105BB98E2179C09200571671 /* Scratch7.xcconfig in Resources */,
				C205780D2028B94800CDBDC5 /* LaunchScreen.storyboard in Resources */,
				F057336920A72F040059032D /* HeaderBar.xib in Resources */,
				C205780A2028B94800CDBDC5 /* Assets.xcassets in Resources */,
				105BB9922179C0B100571671 /* Scratch9.xcconfig in Resources */,
				F0B4B8B8204D68DC004E4120 /* Localizable.strings in Resources */,
				105BB98C2179C08300571671 /* Scratch6.xcconfig in Resources */,
				105BB9872179B67400571671 /* Scratch5.xcconfig in Resources */,
				F07607F320B44C0300069F7F /* WebEvents.js in Resources */,
				105BB9942179C0C400571671 /* Scratch10.xcconfig in Resources */,
				105BB9902179C0A300571671 /* Scratch8.xcconfig in Resources */,
				C20578082028B94800CDBDC5 /* Main.storyboard in Resources */,
			);
			runOnlyForDeploymentPostprocessing = 0;
		};
		C20578112028B94800CDBDC5 /* Resources */ = {
			isa = PBXResourcesBuildPhase;
			buildActionMask = 2147483647;
			files = (
			);
			runOnlyForDeploymentPostprocessing = 0;
		};
/* End PBXResourcesBuildPhase section */

/* Begin PBXSourcesBuildPhase section */
		C20577FB2028B94800CDBDC5 /* Sources */ = {
			isa = PBXSourcesBuildPhase;
			buildActionMask = 2147483647;
			files = (
				C21428212164B21300F00948 /* KnownService.swift in Sources */,
				F0F2A8B3205138C700394B2F /* PageUnavailabilityViewController.swift in Sources */,
				C2697F2920C66B8E001DD790 /* ErrorTextView.swift in Sources */,
				F026199B2050AFE100EDDFE0 /* WebViewController.swift in Sources */,
				F07607F620B465E400069F7F /* FileReader.swift in Sources */,
				F0B7D870204EA1990078D56E /* WKWebView_Extensions.swift in Sources */,
				138DF3772111CF6F00D71A64 /* UnsecureWebViewController.swift in Sources */,
				4649682620C7D97300FDDE87 /* LifecycleHandlers.swift in Sources */,
				F065B3D8205FCFFE004EF388 /* HomeViewController.swift in Sources */,
				C2ED05D621427E950036189C /* TabBar_Extension.swift in Sources */,
				C2BFD3BF20C935D800D3E361 /* ErrorMessage.swift in Sources */,
				C22B8555206B9B0E00530354 /* CALayer_Extensions.swift in Sources */,
				13BA17E321232D1500DF724B /* UnsecureViewController.swift in Sources */,
				13BA17E7212C4ED200DF724B /* UnsecureWebViewDelegate.swift in Sources */,
				C2142823216512D200F00948 /* KnownServices.swift in Sources */,
				F0D2E5D620501EAA0067DEC4 /* WebViewDelegate.swift in Sources */,
				981E9E32214E5FB300DA80EB /* Config.swift in Sources */,
				F065B3DA205FDFC6004EF388 /* TabBarDelegate.swift in Sources */,
				C276D564207B638400F3B1E5 /* HeaderBar.swift in Sources */,
				9200DC9F21428562009EFFEF /* Reachability.swift in Sources */,
				C20578032028B94800CDBDC5 /* AppDelegate.swift in Sources */,
				C2BEAEC520D10C9E00FB1D56 /* UIView_Extension.swift in Sources */,
				609C4E6B08DE341B11E42E7F /* DateTime_Extensions.swift in Sources */,
			);
			runOnlyForDeploymentPostprocessing = 0;
		};
		C205780F2028B94800CDBDC5 /* Sources */ = {
			isa = PBXSourcesBuildPhase;
			buildActionMask = 2147483647;
			files = (
				C2357EBC216575460033B98F /* KnownServicesTests.swift in Sources */,
				F01745AB207B8F1A00877E4D /* WebViewUrlTests.swift in Sources */,
				F01745BB207BA39200877E4D /* SafariTests.swift in Sources */,
				C2D9864120C7BE5900F19792 /* ErrorTextViewTests.swift in Sources */,
				C2357EBA216574F20033B98F /* KnownServiceTests.swift in Sources */,
			);
			runOnlyForDeploymentPostprocessing = 0;
		};
/* End PBXSourcesBuildPhase section */

/* Begin PBXTargetDependency section */
		C20578152028B94800CDBDC5 /* PBXTargetDependency */ = {
			isa = PBXTargetDependency;
			target = C20577FE2028B94800CDBDC5 /* NHSOnline */;
			targetProxy = C20578142028B94800CDBDC5 /* PBXContainerItemProxy */;
		};
/* End PBXTargetDependency section */

/* Begin PBXVariantGroup section */
		C20578062028B94800CDBDC5 /* Main.storyboard */ = {
			isa = PBXVariantGroup;
			children = (
				C20578072028B94800CDBDC5 /* Base */,
				F0B4B8B2204D50E9004E4120 /* en */,
			);
			name = Main.storyboard;
			sourceTree = "<group>";
		};
		C205780B2028B94800CDBDC5 /* LaunchScreen.storyboard */ = {
			isa = PBXVariantGroup;
			children = (
				C205780C2028B94800CDBDC5 /* Base */,
			);
			name = LaunchScreen.storyboard;
			sourceTree = "<group>";
		};
		F057336B20A72F040059032D /* HeaderBar.xib */ = {
			isa = PBXVariantGroup;
			children = (
				F057336A20A72F040059032D /* Base */,
			);
			name = HeaderBar.xib;
			sourceTree = "<group>";
		};
		F0B4B8BA204D68DC004E4120 /* Localizable.strings */ = {
			isa = PBXVariantGroup;
			children = (
				F0B4B8B9204D68DC004E4120 /* en */,
			);
			name = Localizable.strings;
			sourceTree = "<group>";
		};
/* End PBXVariantGroup section */

/* Begin XCBuildConfiguration section */
		105BB97A2179B49900571671 /* Scratch1 */ = {
			isa = XCBuildConfiguration;
			baseConfigurationReference = 981E9E33214E8EA200DA80EB /* Development.xcconfig */;
			buildSettings = {
				ALWAYS_SEARCH_USER_PATHS = NO;
				APP_DISPLAY_NAME = Scratch1;
				CLANG_ANALYZER_LOCALIZABILITY_NONLOCALIZED = YES;
				CLANG_ANALYZER_NONNULL = YES;
				CLANG_ANALYZER_NUMBER_OBJECT_CONVERSION = YES_AGGRESSIVE;
				CLANG_CXX_LANGUAGE_STANDARD = "gnu++14";
				CLANG_CXX_LIBRARY = "libc++";
				CLANG_ENABLE_MODULES = YES;
				CLANG_ENABLE_OBJC_ARC = YES;
				CLANG_WARN_BLOCK_CAPTURE_AUTORELEASING = YES;
				CLANG_WARN_BOOL_CONVERSION = YES;
				CLANG_WARN_COMMA = YES;
				CLANG_WARN_CONSTANT_CONVERSION = YES;
				CLANG_WARN_DEPRECATED_OBJC_IMPLEMENTATIONS = YES;
				CLANG_WARN_DIRECT_OBJC_ISA_USAGE = YES_ERROR;
				CLANG_WARN_DOCUMENTATION_COMMENTS = YES;
				CLANG_WARN_EMPTY_BODY = YES;
				CLANG_WARN_ENUM_CONVERSION = YES;
				CLANG_WARN_INFINITE_RECURSION = YES;
				CLANG_WARN_INT_CONVERSION = YES;
				CLANG_WARN_NON_LITERAL_NULL_CONVERSION = YES;
				CLANG_WARN_OBJC_IMPLICIT_RETAIN_SELF = YES;
				CLANG_WARN_OBJC_LITERAL_CONVERSION = YES;
				CLANG_WARN_OBJC_ROOT_CLASS = YES_ERROR;
				CLANG_WARN_RANGE_LOOP_ANALYSIS = YES;
				CLANG_WARN_STRICT_PROTOTYPES = YES;
				CLANG_WARN_SUSPICIOUS_MOVE = YES;
				CLANG_WARN_UNGUARDED_AVAILABILITY = YES_AGGRESSIVE;
				CLANG_WARN_UNREACHABLE_CODE = YES;
				CLANG_WARN__DUPLICATE_METHOD_MATCH = YES;
				CODE_SIGN_IDENTITY = "iPhone Developer";
				COPY_PHASE_STRIP = NO;
				DEBUG_INFORMATION_FORMAT = dwarf;
				ENABLE_STRICT_OBJC_MSGSEND = YES;
				ENABLE_TESTABILITY = YES;
				GCC_C_LANGUAGE_STANDARD = gnu11;
				GCC_DYNAMIC_NO_PIC = NO;
				GCC_NO_COMMON_BLOCKS = YES;
				GCC_OPTIMIZATION_LEVEL = 0;
				GCC_PREPROCESSOR_DEFINITIONS = (
					"DEBUG=1",
					"$(inherited)",
				);
				GCC_WARN_64_TO_32_BIT_CONVERSION = YES;
				GCC_WARN_ABOUT_RETURN_TYPE = YES_ERROR;
				GCC_WARN_UNDECLARED_SELECTOR = YES;
				GCC_WARN_UNINITIALIZED_AUTOS = YES_AGGRESSIVE;
				GCC_WARN_UNUSED_FUNCTION = YES;
				GCC_WARN_UNUSED_VARIABLE = YES;
				INFOPLIST_FILE = Info.plist;
				IPHONEOS_DEPLOYMENT_TARGET = 11.2;
				MTL_ENABLE_DEBUG_INFO = YES;
				ONLY_ACTIVE_ARCH = YES;
				PRODUCT_BUNDLE_IDENTIFIER = com.nhs.online.dev.scratch1;
				SDKROOT = iphoneos;
				SWIFT_ACTIVE_COMPILATION_CONDITIONS = DEBUG;
				SWIFT_OPTIMIZATION_LEVEL = "-Onone";
			};
			name = Scratch1;
		};
		105BB97B2179B49900571671 /* Scratch1 */ = {
			isa = XCBuildConfiguration;
			baseConfigurationReference = 105BB9762178DC4300571671 /* Scratch1.xcconfig */;
			buildSettings = {
				APP_DISPLAY_NAME = Scratch1;
				ASSETCATALOG_COMPILER_APPICON_NAME = AppIcon;
				CODE_SIGN_IDENTITY = "iPhone Developer";
				CODE_SIGN_STYLE = Manual;
				DEVELOPMENT_TEAM = 5Y58TN94AP;
				FRAMEWORK_SEARCH_PATHS = "$(inherited)";
				INFOPLIST_FILE = NHSOnline/Info.plist;
				IPHONEOS_DEPLOYMENT_TARGET = 9.0;
				LD_RUNPATH_SEARCH_PATHS = "$(inherited) @executable_path/Frameworks";
				PRODUCT_BUNDLE_IDENTIFIER = com.nhs.online.dev.scratch1;
				PRODUCT_NAME = "$(TARGET_NAME)";
				PROVISIONING_PROFILE = "";
				PROVISIONING_PROFILE_SPECIFIER = "NHS App Dev Scratch";
				SWIFT_VERSION = 4.0;
				TARGETED_DEVICE_FAMILY = "1,2";
			};
			name = Scratch1;
		};
		105BB97C2179B49900571671 /* Scratch1 */ = {
			isa = XCBuildConfiguration;
			buildSettings = {
				ALWAYS_EMBED_SWIFT_STANDARD_LIBRARIES = YES;
				BUNDLE_LOADER = "$(TEST_HOST)";
				CODE_SIGN_STYLE = Automatic;
				DEVELOPMENT_TEAM = 5Y58TN94AP;
				INFOPLIST_FILE = NHSOnlineTests/Info.plist;
				LD_RUNPATH_SEARCH_PATHS = "$(inherited) @executable_path/Frameworks @loader_path/Frameworks";
				PRODUCT_BUNDLE_IDENTIFIER = online.nhs.com.NHSOnlineTests;
				PRODUCT_NAME = "$(TARGET_NAME)";
				SWIFT_VERSION = 4.0;
				TARGETED_DEVICE_FAMILY = "1,2";
				TEST_HOST = "$(BUILT_PRODUCTS_DIR)/NHSOnline.app/NHSOnline";
			};
			name = Scratch1;
		};
		105BB97D2179B4A700571671 /* Scratch2 */ = {
			isa = XCBuildConfiguration;
			baseConfigurationReference = 981E9E33214E8EA200DA80EB /* Development.xcconfig */;
			buildSettings = {
				ALWAYS_SEARCH_USER_PATHS = NO;
				APP_DISPLAY_NAME = Scratch2;
				CLANG_ANALYZER_LOCALIZABILITY_NONLOCALIZED = YES;
				CLANG_ANALYZER_NONNULL = YES;
				CLANG_ANALYZER_NUMBER_OBJECT_CONVERSION = YES_AGGRESSIVE;
				CLANG_CXX_LANGUAGE_STANDARD = "gnu++14";
				CLANG_CXX_LIBRARY = "libc++";
				CLANG_ENABLE_MODULES = YES;
				CLANG_ENABLE_OBJC_ARC = YES;
				CLANG_WARN_BLOCK_CAPTURE_AUTORELEASING = YES;
				CLANG_WARN_BOOL_CONVERSION = YES;
				CLANG_WARN_COMMA = YES;
				CLANG_WARN_CONSTANT_CONVERSION = YES;
				CLANG_WARN_DEPRECATED_OBJC_IMPLEMENTATIONS = YES;
				CLANG_WARN_DIRECT_OBJC_ISA_USAGE = YES_ERROR;
				CLANG_WARN_DOCUMENTATION_COMMENTS = YES;
				CLANG_WARN_EMPTY_BODY = YES;
				CLANG_WARN_ENUM_CONVERSION = YES;
				CLANG_WARN_INFINITE_RECURSION = YES;
				CLANG_WARN_INT_CONVERSION = YES;
				CLANG_WARN_NON_LITERAL_NULL_CONVERSION = YES;
				CLANG_WARN_OBJC_IMPLICIT_RETAIN_SELF = YES;
				CLANG_WARN_OBJC_LITERAL_CONVERSION = YES;
				CLANG_WARN_OBJC_ROOT_CLASS = YES_ERROR;
				CLANG_WARN_RANGE_LOOP_ANALYSIS = YES;
				CLANG_WARN_STRICT_PROTOTYPES = YES;
				CLANG_WARN_SUSPICIOUS_MOVE = YES;
				CLANG_WARN_UNGUARDED_AVAILABILITY = YES_AGGRESSIVE;
				CLANG_WARN_UNREACHABLE_CODE = YES;
				CLANG_WARN__DUPLICATE_METHOD_MATCH = YES;
				CODE_SIGN_IDENTITY = "iPhone Developer";
				COPY_PHASE_STRIP = NO;
				DEBUG_INFORMATION_FORMAT = dwarf;
				ENABLE_STRICT_OBJC_MSGSEND = YES;
				ENABLE_TESTABILITY = YES;
				GCC_C_LANGUAGE_STANDARD = gnu11;
				GCC_DYNAMIC_NO_PIC = NO;
				GCC_NO_COMMON_BLOCKS = YES;
				GCC_OPTIMIZATION_LEVEL = 0;
				GCC_PREPROCESSOR_DEFINITIONS = (
					"DEBUG=1",
					"$(inherited)",
				);
				GCC_WARN_64_TO_32_BIT_CONVERSION = YES;
				GCC_WARN_ABOUT_RETURN_TYPE = YES_ERROR;
				GCC_WARN_UNDECLARED_SELECTOR = YES;
				GCC_WARN_UNINITIALIZED_AUTOS = YES_AGGRESSIVE;
				GCC_WARN_UNUSED_FUNCTION = YES;
				GCC_WARN_UNUSED_VARIABLE = YES;
				INFOPLIST_FILE = Info.plist;
				IPHONEOS_DEPLOYMENT_TARGET = 11.2;
				MTL_ENABLE_DEBUG_INFO = YES;
				ONLY_ACTIVE_ARCH = YES;
				PRODUCT_BUNDLE_IDENTIFIER = com.nhs.online.dev.scratch2;
				SDKROOT = iphoneos;
				SWIFT_ACTIVE_COMPILATION_CONDITIONS = DEBUG;
				SWIFT_OPTIMIZATION_LEVEL = "-Onone";
			};
			name = Scratch2;
		};
		105BB97E2179B4A700571671 /* Scratch2 */ = {
			isa = XCBuildConfiguration;
			baseConfigurationReference = 105BB9772178DC5200571671 /* Scratch2.xcconfig */;
			buildSettings = {
				APP_DISPLAY_NAME = Scratch2;
				ASSETCATALOG_COMPILER_APPICON_NAME = AppIcon;
				CODE_SIGN_IDENTITY = "iPhone Developer";
				CODE_SIGN_STYLE = Manual;
				DEVELOPMENT_TEAM = 5Y58TN94AP;
				FRAMEWORK_SEARCH_PATHS = "$(inherited)";
				INFOPLIST_FILE = NHSOnline/Info.plist;
				IPHONEOS_DEPLOYMENT_TARGET = 9.0;
				LD_RUNPATH_SEARCH_PATHS = "$(inherited) @executable_path/Frameworks";
				PRODUCT_BUNDLE_IDENTIFIER = com.nhs.online.dev.scratch2;
				PRODUCT_NAME = "$(TARGET_NAME)";
				PROVISIONING_PROFILE = "";
				PROVISIONING_PROFILE_SPECIFIER = "NHS App Dev Scratch";
				SWIFT_VERSION = 4.0;
				TARGETED_DEVICE_FAMILY = "1,2";
			};
			name = Scratch2;
		};
		105BB97F2179B4A700571671 /* Scratch2 */ = {
			isa = XCBuildConfiguration;
			buildSettings = {
				ALWAYS_EMBED_SWIFT_STANDARD_LIBRARIES = YES;
				BUNDLE_LOADER = "$(TEST_HOST)";
				CODE_SIGN_STYLE = Automatic;
				DEVELOPMENT_TEAM = 5Y58TN94AP;
				INFOPLIST_FILE = NHSOnlineTests/Info.plist;
				LD_RUNPATH_SEARCH_PATHS = "$(inherited) @executable_path/Frameworks @loader_path/Frameworks";
				PRODUCT_BUNDLE_IDENTIFIER = online.nhs.com.NHSOnlineTests;
				PRODUCT_NAME = "$(TARGET_NAME)";
				SWIFT_VERSION = 4.0;
				TARGETED_DEVICE_FAMILY = "1,2";
				TEST_HOST = "$(BUILT_PRODUCTS_DIR)/NHSOnline.app/NHSOnline";
			};
			name = Scratch2;
		};
		105BB9802179B4B700571671 /* Scratch3 */ = {
			isa = XCBuildConfiguration;
			baseConfigurationReference = 981E9E33214E8EA200DA80EB /* Development.xcconfig */;
			buildSettings = {
				ALWAYS_SEARCH_USER_PATHS = NO;
				APP_DISPLAY_NAME = Scratch3;
				CLANG_ANALYZER_LOCALIZABILITY_NONLOCALIZED = YES;
				CLANG_ANALYZER_NONNULL = YES;
				CLANG_ANALYZER_NUMBER_OBJECT_CONVERSION = YES_AGGRESSIVE;
				CLANG_CXX_LANGUAGE_STANDARD = "gnu++14";
				CLANG_CXX_LIBRARY = "libc++";
				CLANG_ENABLE_MODULES = YES;
				CLANG_ENABLE_OBJC_ARC = YES;
				CLANG_WARN_BLOCK_CAPTURE_AUTORELEASING = YES;
				CLANG_WARN_BOOL_CONVERSION = YES;
				CLANG_WARN_COMMA = YES;
				CLANG_WARN_CONSTANT_CONVERSION = YES;
				CLANG_WARN_DEPRECATED_OBJC_IMPLEMENTATIONS = YES;
				CLANG_WARN_DIRECT_OBJC_ISA_USAGE = YES_ERROR;
				CLANG_WARN_DOCUMENTATION_COMMENTS = YES;
				CLANG_WARN_EMPTY_BODY = YES;
				CLANG_WARN_ENUM_CONVERSION = YES;
				CLANG_WARN_INFINITE_RECURSION = YES;
				CLANG_WARN_INT_CONVERSION = YES;
				CLANG_WARN_NON_LITERAL_NULL_CONVERSION = YES;
				CLANG_WARN_OBJC_IMPLICIT_RETAIN_SELF = YES;
				CLANG_WARN_OBJC_LITERAL_CONVERSION = YES;
				CLANG_WARN_OBJC_ROOT_CLASS = YES_ERROR;
				CLANG_WARN_RANGE_LOOP_ANALYSIS = YES;
				CLANG_WARN_STRICT_PROTOTYPES = YES;
				CLANG_WARN_SUSPICIOUS_MOVE = YES;
				CLANG_WARN_UNGUARDED_AVAILABILITY = YES_AGGRESSIVE;
				CLANG_WARN_UNREACHABLE_CODE = YES;
				CLANG_WARN__DUPLICATE_METHOD_MATCH = YES;
				CODE_SIGN_IDENTITY = "iPhone Developer";
				COPY_PHASE_STRIP = NO;
				DEBUG_INFORMATION_FORMAT = dwarf;
				ENABLE_STRICT_OBJC_MSGSEND = YES;
				ENABLE_TESTABILITY = YES;
				GCC_C_LANGUAGE_STANDARD = gnu11;
				GCC_DYNAMIC_NO_PIC = NO;
				GCC_NO_COMMON_BLOCKS = YES;
				GCC_OPTIMIZATION_LEVEL = 0;
				GCC_PREPROCESSOR_DEFINITIONS = (
					"DEBUG=1",
					"$(inherited)",
				);
				GCC_WARN_64_TO_32_BIT_CONVERSION = YES;
				GCC_WARN_ABOUT_RETURN_TYPE = YES_ERROR;
				GCC_WARN_UNDECLARED_SELECTOR = YES;
				GCC_WARN_UNINITIALIZED_AUTOS = YES_AGGRESSIVE;
				GCC_WARN_UNUSED_FUNCTION = YES;
				GCC_WARN_UNUSED_VARIABLE = YES;
				INFOPLIST_FILE = Info.plist;
				IPHONEOS_DEPLOYMENT_TARGET = 11.2;
				MTL_ENABLE_DEBUG_INFO = YES;
				ONLY_ACTIVE_ARCH = YES;
				PRODUCT_BUNDLE_IDENTIFIER = com.nhs.online.dev.scratch3;
				SDKROOT = iphoneos;
				SWIFT_ACTIVE_COMPILATION_CONDITIONS = DEBUG;
				SWIFT_OPTIMIZATION_LEVEL = "-Onone";
			};
			name = Scratch3;
		};
		105BB9812179B4B700571671 /* Scratch3 */ = {
			isa = XCBuildConfiguration;
			baseConfigurationReference = 105BB9782178DC5D00571671 /* Scratch3.xcconfig */;
			buildSettings = {
				APP_DISPLAY_NAME = Scratch3;
				ASSETCATALOG_COMPILER_APPICON_NAME = AppIcon;
				CODE_SIGN_IDENTITY = "iPhone Developer";
				CODE_SIGN_STYLE = Manual;
				DEVELOPMENT_TEAM = 5Y58TN94AP;
				FRAMEWORK_SEARCH_PATHS = "$(inherited)";
				INFOPLIST_FILE = NHSOnline/Info.plist;
				IPHONEOS_DEPLOYMENT_TARGET = 9.0;
				LD_RUNPATH_SEARCH_PATHS = "$(inherited) @executable_path/Frameworks";
				PRODUCT_BUNDLE_IDENTIFIER = com.nhs.online.dev.scratch3;
				PRODUCT_NAME = "$(TARGET_NAME)";
				PROVISIONING_PROFILE = "";
				PROVISIONING_PROFILE_SPECIFIER = "NHS App Dev Scratch";
				SWIFT_VERSION = 4.0;
				TARGETED_DEVICE_FAMILY = "1,2";
			};
			name = Scratch3;
		};
		105BB9822179B4B700571671 /* Scratch3 */ = {
			isa = XCBuildConfiguration;
			buildSettings = {
				ALWAYS_EMBED_SWIFT_STANDARD_LIBRARIES = YES;
				BUNDLE_LOADER = "$(TEST_HOST)";
				CODE_SIGN_STYLE = Automatic;
				DEVELOPMENT_TEAM = 5Y58TN94AP;
				INFOPLIST_FILE = NHSOnlineTests/Info.plist;
				LD_RUNPATH_SEARCH_PATHS = "$(inherited) @executable_path/Frameworks @loader_path/Frameworks";
				PRODUCT_BUNDLE_IDENTIFIER = online.nhs.com.NHSOnlineTests;
				PRODUCT_NAME = "$(TARGET_NAME)";
				SWIFT_VERSION = 4.0;
				TARGETED_DEVICE_FAMILY = "1,2";
				TEST_HOST = "$(BUILT_PRODUCTS_DIR)/NHSOnline.app/NHSOnline";
			};
			name = Scratch3;
		};
		105BB9832179B4C300571671 /* Scratch4 */ = {
			isa = XCBuildConfiguration;
			baseConfigurationReference = 981E9E33214E8EA200DA80EB /* Development.xcconfig */;
			buildSettings = {
				ALWAYS_SEARCH_USER_PATHS = NO;
				APP_DISPLAY_NAME = Scratch4;
				CLANG_ANALYZER_LOCALIZABILITY_NONLOCALIZED = YES;
				CLANG_ANALYZER_NONNULL = YES;
				CLANG_ANALYZER_NUMBER_OBJECT_CONVERSION = YES_AGGRESSIVE;
				CLANG_CXX_LANGUAGE_STANDARD = "gnu++14";
				CLANG_CXX_LIBRARY = "libc++";
				CLANG_ENABLE_MODULES = YES;
				CLANG_ENABLE_OBJC_ARC = YES;
				CLANG_WARN_BLOCK_CAPTURE_AUTORELEASING = YES;
				CLANG_WARN_BOOL_CONVERSION = YES;
				CLANG_WARN_COMMA = YES;
				CLANG_WARN_CONSTANT_CONVERSION = YES;
				CLANG_WARN_DEPRECATED_OBJC_IMPLEMENTATIONS = YES;
				CLANG_WARN_DIRECT_OBJC_ISA_USAGE = YES_ERROR;
				CLANG_WARN_DOCUMENTATION_COMMENTS = YES;
				CLANG_WARN_EMPTY_BODY = YES;
				CLANG_WARN_ENUM_CONVERSION = YES;
				CLANG_WARN_INFINITE_RECURSION = YES;
				CLANG_WARN_INT_CONVERSION = YES;
				CLANG_WARN_NON_LITERAL_NULL_CONVERSION = YES;
				CLANG_WARN_OBJC_IMPLICIT_RETAIN_SELF = YES;
				CLANG_WARN_OBJC_LITERAL_CONVERSION = YES;
				CLANG_WARN_OBJC_ROOT_CLASS = YES_ERROR;
				CLANG_WARN_RANGE_LOOP_ANALYSIS = YES;
				CLANG_WARN_STRICT_PROTOTYPES = YES;
				CLANG_WARN_SUSPICIOUS_MOVE = YES;
				CLANG_WARN_UNGUARDED_AVAILABILITY = YES_AGGRESSIVE;
				CLANG_WARN_UNREACHABLE_CODE = YES;
				CLANG_WARN__DUPLICATE_METHOD_MATCH = YES;
				CODE_SIGN_IDENTITY = "iPhone Developer";
				COPY_PHASE_STRIP = NO;
				DEBUG_INFORMATION_FORMAT = dwarf;
				ENABLE_STRICT_OBJC_MSGSEND = YES;
				ENABLE_TESTABILITY = YES;
				GCC_C_LANGUAGE_STANDARD = gnu11;
				GCC_DYNAMIC_NO_PIC = NO;
				GCC_NO_COMMON_BLOCKS = YES;
				GCC_OPTIMIZATION_LEVEL = 0;
				GCC_PREPROCESSOR_DEFINITIONS = (
					"DEBUG=1",
					"$(inherited)",
				);
				GCC_WARN_64_TO_32_BIT_CONVERSION = YES;
				GCC_WARN_ABOUT_RETURN_TYPE = YES_ERROR;
				GCC_WARN_UNDECLARED_SELECTOR = YES;
				GCC_WARN_UNINITIALIZED_AUTOS = YES_AGGRESSIVE;
				GCC_WARN_UNUSED_FUNCTION = YES;
				GCC_WARN_UNUSED_VARIABLE = YES;
				INFOPLIST_FILE = Info.plist;
				IPHONEOS_DEPLOYMENT_TARGET = 11.2;
				MTL_ENABLE_DEBUG_INFO = YES;
				ONLY_ACTIVE_ARCH = YES;
				PRODUCT_BUNDLE_IDENTIFIER = com.nhs.online.dev.scratch4;
				SDKROOT = iphoneos;
				SWIFT_ACTIVE_COMPILATION_CONDITIONS = DEBUG;
				SWIFT_OPTIMIZATION_LEVEL = "-Onone";
			};
			name = Scratch4;
		};
		105BB9842179B4C300571671 /* Scratch4 */ = {
			isa = XCBuildConfiguration;
			baseConfigurationReference = 105BB9792178DC6C00571671 /* Scratch4.xcconfig */;
			buildSettings = {
				APP_DISPLAY_NAME = Scratch4;
				ASSETCATALOG_COMPILER_APPICON_NAME = AppIcon;
				CODE_SIGN_IDENTITY = "iPhone Developer";
				CODE_SIGN_STYLE = Manual;
				DEVELOPMENT_TEAM = 5Y58TN94AP;
				FRAMEWORK_SEARCH_PATHS = "$(inherited)";
				INFOPLIST_FILE = NHSOnline/Info.plist;
				IPHONEOS_DEPLOYMENT_TARGET = 9.0;
				LD_RUNPATH_SEARCH_PATHS = "$(inherited) @executable_path/Frameworks";
				PRODUCT_BUNDLE_IDENTIFIER = com.nhs.online.dev.scratch4;
				PRODUCT_NAME = "$(TARGET_NAME)";
				PROVISIONING_PROFILE = "";
				PROVISIONING_PROFILE_SPECIFIER = "NHS App Dev Scratch";
				SWIFT_VERSION = 4.0;
				TARGETED_DEVICE_FAMILY = "1,2";
			};
			name = Scratch4;
		};
		105BB9852179B4C300571671 /* Scratch4 */ = {
			isa = XCBuildConfiguration;
			buildSettings = {
				ALWAYS_EMBED_SWIFT_STANDARD_LIBRARIES = YES;
				BUNDLE_LOADER = "$(TEST_HOST)";
				CODE_SIGN_STYLE = Automatic;
				DEVELOPMENT_TEAM = 5Y58TN94AP;
				INFOPLIST_FILE = NHSOnlineTests/Info.plist;
				LD_RUNPATH_SEARCH_PATHS = "$(inherited) @executable_path/Frameworks @loader_path/Frameworks";
				PRODUCT_BUNDLE_IDENTIFIER = online.nhs.com.NHSOnlineTests;
				PRODUCT_NAME = "$(TARGET_NAME)";
				SWIFT_VERSION = 4.0;
				TARGETED_DEVICE_FAMILY = "1,2";
				TEST_HOST = "$(BUILT_PRODUCTS_DIR)/NHSOnline.app/NHSOnline";
			};
			name = Scratch4;
		};
		105BB9882179B68D00571671 /* Scratch5 */ = {
			isa = XCBuildConfiguration;
			baseConfigurationReference = 981E9E33214E8EA200DA80EB /* Development.xcconfig */;
			buildSettings = {
				ALWAYS_SEARCH_USER_PATHS = NO;
				APP_DISPLAY_NAME = Scratch5;
				CLANG_ANALYZER_LOCALIZABILITY_NONLOCALIZED = YES;
				CLANG_ANALYZER_NONNULL = YES;
				CLANG_ANALYZER_NUMBER_OBJECT_CONVERSION = YES_AGGRESSIVE;
				CLANG_CXX_LANGUAGE_STANDARD = "gnu++14";
				CLANG_CXX_LIBRARY = "libc++";
				CLANG_ENABLE_MODULES = YES;
				CLANG_ENABLE_OBJC_ARC = YES;
				CLANG_WARN_BLOCK_CAPTURE_AUTORELEASING = YES;
				CLANG_WARN_BOOL_CONVERSION = YES;
				CLANG_WARN_COMMA = YES;
				CLANG_WARN_CONSTANT_CONVERSION = YES;
				CLANG_WARN_DEPRECATED_OBJC_IMPLEMENTATIONS = YES;
				CLANG_WARN_DIRECT_OBJC_ISA_USAGE = YES_ERROR;
				CLANG_WARN_DOCUMENTATION_COMMENTS = YES;
				CLANG_WARN_EMPTY_BODY = YES;
				CLANG_WARN_ENUM_CONVERSION = YES;
				CLANG_WARN_INFINITE_RECURSION = YES;
				CLANG_WARN_INT_CONVERSION = YES;
				CLANG_WARN_NON_LITERAL_NULL_CONVERSION = YES;
				CLANG_WARN_OBJC_IMPLICIT_RETAIN_SELF = YES;
				CLANG_WARN_OBJC_LITERAL_CONVERSION = YES;
				CLANG_WARN_OBJC_ROOT_CLASS = YES_ERROR;
				CLANG_WARN_RANGE_LOOP_ANALYSIS = YES;
				CLANG_WARN_STRICT_PROTOTYPES = YES;
				CLANG_WARN_SUSPICIOUS_MOVE = YES;
				CLANG_WARN_UNGUARDED_AVAILABILITY = YES_AGGRESSIVE;
				CLANG_WARN_UNREACHABLE_CODE = YES;
				CLANG_WARN__DUPLICATE_METHOD_MATCH = YES;
				CODE_SIGN_IDENTITY = "iPhone Developer";
				COPY_PHASE_STRIP = NO;
				DEBUG_INFORMATION_FORMAT = dwarf;
				ENABLE_STRICT_OBJC_MSGSEND = YES;
				ENABLE_TESTABILITY = YES;
				GCC_C_LANGUAGE_STANDARD = gnu11;
				GCC_DYNAMIC_NO_PIC = NO;
				GCC_NO_COMMON_BLOCKS = YES;
				GCC_OPTIMIZATION_LEVEL = 0;
				GCC_PREPROCESSOR_DEFINITIONS = (
					"DEBUG=1",
					"$(inherited)",
				);
				GCC_WARN_64_TO_32_BIT_CONVERSION = YES;
				GCC_WARN_ABOUT_RETURN_TYPE = YES_ERROR;
				GCC_WARN_UNDECLARED_SELECTOR = YES;
				GCC_WARN_UNINITIALIZED_AUTOS = YES_AGGRESSIVE;
				GCC_WARN_UNUSED_FUNCTION = YES;
				GCC_WARN_UNUSED_VARIABLE = YES;
				INFOPLIST_FILE = Info.plist;
				IPHONEOS_DEPLOYMENT_TARGET = 11.2;
				MTL_ENABLE_DEBUG_INFO = YES;
				ONLY_ACTIVE_ARCH = YES;
				PRODUCT_BUNDLE_IDENTIFIER = com.nhs.online.dev.scratch5;
				SDKROOT = iphoneos;
				SWIFT_ACTIVE_COMPILATION_CONDITIONS = DEBUG;
				SWIFT_OPTIMIZATION_LEVEL = "-Onone";
			};
			name = Scratch5;
		};
		105BB9892179B68D00571671 /* Scratch5 */ = {
			isa = XCBuildConfiguration;
			baseConfigurationReference = 105BB9862179B67400571671 /* Scratch5.xcconfig */;
			buildSettings = {
				APP_DISPLAY_NAME = Scratch5;
				ASSETCATALOG_COMPILER_APPICON_NAME = AppIcon;
				CODE_SIGN_IDENTITY = "iPhone Developer";
				CODE_SIGN_STYLE = Manual;
				DEVELOPMENT_TEAM = 5Y58TN94AP;
				FRAMEWORK_SEARCH_PATHS = "$(inherited)";
				INFOPLIST_FILE = NHSOnline/Info.plist;
				IPHONEOS_DEPLOYMENT_TARGET = 9.0;
				LD_RUNPATH_SEARCH_PATHS = "$(inherited) @executable_path/Frameworks";
				PRODUCT_BUNDLE_IDENTIFIER = com.nhs.online.dev.scratch5;
				PRODUCT_NAME = "$(TARGET_NAME)";
				PROVISIONING_PROFILE = "";
				PROVISIONING_PROFILE_SPECIFIER = "NHS App Dev Scratch";
				SWIFT_VERSION = 4.0;
				TARGETED_DEVICE_FAMILY = "1,2";
			};
			name = Scratch5;
		};
		105BB98A2179B68D00571671 /* Scratch5 */ = {
			isa = XCBuildConfiguration;
			buildSettings = {
				ALWAYS_EMBED_SWIFT_STANDARD_LIBRARIES = YES;
				BUNDLE_LOADER = "$(TEST_HOST)";
				CODE_SIGN_STYLE = Automatic;
				DEVELOPMENT_TEAM = 5Y58TN94AP;
				INFOPLIST_FILE = NHSOnlineTests/Info.plist;
				LD_RUNPATH_SEARCH_PATHS = "$(inherited) @executable_path/Frameworks @loader_path/Frameworks";
				PRODUCT_BUNDLE_IDENTIFIER = online.nhs.com.NHSOnlineTests;
				PRODUCT_NAME = "$(TARGET_NAME)";
				SWIFT_VERSION = 4.0;
				TARGETED_DEVICE_FAMILY = "1,2";
				TEST_HOST = "$(BUILT_PRODUCTS_DIR)/NHSOnline.app/NHSOnline";
			};
			name = Scratch5;
		};
		105BB9952179C10500571671 /* Scratch6 */ = {
			isa = XCBuildConfiguration;
			baseConfigurationReference = 981E9E33214E8EA200DA80EB /* Development.xcconfig */;
			buildSettings = {
				ALWAYS_SEARCH_USER_PATHS = NO;
				APP_DISPLAY_NAME = Scratch6;
				CLANG_ANALYZER_LOCALIZABILITY_NONLOCALIZED = YES;
				CLANG_ANALYZER_NONNULL = YES;
				CLANG_ANALYZER_NUMBER_OBJECT_CONVERSION = YES_AGGRESSIVE;
				CLANG_CXX_LANGUAGE_STANDARD = "gnu++14";
				CLANG_CXX_LIBRARY = "libc++";
				CLANG_ENABLE_MODULES = YES;
				CLANG_ENABLE_OBJC_ARC = YES;
				CLANG_WARN_BLOCK_CAPTURE_AUTORELEASING = YES;
				CLANG_WARN_BOOL_CONVERSION = YES;
				CLANG_WARN_COMMA = YES;
				CLANG_WARN_CONSTANT_CONVERSION = YES;
				CLANG_WARN_DEPRECATED_OBJC_IMPLEMENTATIONS = YES;
				CLANG_WARN_DIRECT_OBJC_ISA_USAGE = YES_ERROR;
				CLANG_WARN_DOCUMENTATION_COMMENTS = YES;
				CLANG_WARN_EMPTY_BODY = YES;
				CLANG_WARN_ENUM_CONVERSION = YES;
				CLANG_WARN_INFINITE_RECURSION = YES;
				CLANG_WARN_INT_CONVERSION = YES;
				CLANG_WARN_NON_LITERAL_NULL_CONVERSION = YES;
				CLANG_WARN_OBJC_IMPLICIT_RETAIN_SELF = YES;
				CLANG_WARN_OBJC_LITERAL_CONVERSION = YES;
				CLANG_WARN_OBJC_ROOT_CLASS = YES_ERROR;
				CLANG_WARN_RANGE_LOOP_ANALYSIS = YES;
				CLANG_WARN_STRICT_PROTOTYPES = YES;
				CLANG_WARN_SUSPICIOUS_MOVE = YES;
				CLANG_WARN_UNGUARDED_AVAILABILITY = YES_AGGRESSIVE;
				CLANG_WARN_UNREACHABLE_CODE = YES;
				CLANG_WARN__DUPLICATE_METHOD_MATCH = YES;
				CODE_SIGN_IDENTITY = "iPhone Developer";
				COPY_PHASE_STRIP = NO;
				DEBUG_INFORMATION_FORMAT = dwarf;
				ENABLE_STRICT_OBJC_MSGSEND = YES;
				ENABLE_TESTABILITY = YES;
				GCC_C_LANGUAGE_STANDARD = gnu11;
				GCC_DYNAMIC_NO_PIC = NO;
				GCC_NO_COMMON_BLOCKS = YES;
				GCC_OPTIMIZATION_LEVEL = 0;
				GCC_PREPROCESSOR_DEFINITIONS = (
					"DEBUG=1",
					"$(inherited)",
				);
				GCC_WARN_64_TO_32_BIT_CONVERSION = YES;
				GCC_WARN_ABOUT_RETURN_TYPE = YES_ERROR;
				GCC_WARN_UNDECLARED_SELECTOR = YES;
				GCC_WARN_UNINITIALIZED_AUTOS = YES_AGGRESSIVE;
				GCC_WARN_UNUSED_FUNCTION = YES;
				GCC_WARN_UNUSED_VARIABLE = YES;
				INFOPLIST_FILE = Info.plist;
				IPHONEOS_DEPLOYMENT_TARGET = 11.2;
				MTL_ENABLE_DEBUG_INFO = YES;
				ONLY_ACTIVE_ARCH = YES;
				PRODUCT_BUNDLE_IDENTIFIER = com.nhs.online.dev.scratch6;
				SDKROOT = iphoneos;
				SWIFT_ACTIVE_COMPILATION_CONDITIONS = DEBUG;
				SWIFT_OPTIMIZATION_LEVEL = "-Onone";
			};
			name = Scratch6;
		};
		105BB9962179C10500571671 /* Scratch6 */ = {
			isa = XCBuildConfiguration;
			baseConfigurationReference = 105BB98B2179C08300571671 /* Scratch6.xcconfig */;
			buildSettings = {
				APP_DISPLAY_NAME = Scratch6;
				ASSETCATALOG_COMPILER_APPICON_NAME = AppIcon;
				CODE_SIGN_IDENTITY = "iPhone Developer";
				CODE_SIGN_STYLE = Manual;
				DEVELOPMENT_TEAM = 5Y58TN94AP;
				FRAMEWORK_SEARCH_PATHS = "$(inherited)";
				INFOPLIST_FILE = NHSOnline/Info.plist;
				IPHONEOS_DEPLOYMENT_TARGET = 9.0;
				LD_RUNPATH_SEARCH_PATHS = "$(inherited) @executable_path/Frameworks";
				PRODUCT_BUNDLE_IDENTIFIER = com.nhs.online.dev.scratch6;
				PRODUCT_NAME = "$(TARGET_NAME)";
				PROVISIONING_PROFILE = "";
				PROVISIONING_PROFILE_SPECIFIER = "NHS App Dev Scratch";
				SWIFT_VERSION = 4.0;
				TARGETED_DEVICE_FAMILY = "1,2";
			};
			name = Scratch6;
		};
		105BB9972179C10500571671 /* Scratch6 */ = {
			isa = XCBuildConfiguration;
			buildSettings = {
				ALWAYS_EMBED_SWIFT_STANDARD_LIBRARIES = YES;
				BUNDLE_LOADER = "$(TEST_HOST)";
				CODE_SIGN_STYLE = Automatic;
				DEVELOPMENT_TEAM = 5Y58TN94AP;
				INFOPLIST_FILE = NHSOnlineTests/Info.plist;
				LD_RUNPATH_SEARCH_PATHS = "$(inherited) @executable_path/Frameworks @loader_path/Frameworks";
				PRODUCT_BUNDLE_IDENTIFIER = online.nhs.com.NHSOnlineTests;
				PRODUCT_NAME = "$(TARGET_NAME)";
				SWIFT_VERSION = 4.0;
				TARGETED_DEVICE_FAMILY = "1,2";
				TEST_HOST = "$(BUILT_PRODUCTS_DIR)/NHSOnline.app/NHSOnline";
			};
			name = Scratch6;
		};
		105BB9982179C10800571671 /* Scratch7 */ = {
			isa = XCBuildConfiguration;
			baseConfigurationReference = 981E9E33214E8EA200DA80EB /* Development.xcconfig */;
			buildSettings = {
				ALWAYS_SEARCH_USER_PATHS = NO;
				APP_DISPLAY_NAME = Scratch7;
				CLANG_ANALYZER_LOCALIZABILITY_NONLOCALIZED = YES;
				CLANG_ANALYZER_NONNULL = YES;
				CLANG_ANALYZER_NUMBER_OBJECT_CONVERSION = YES_AGGRESSIVE;
				CLANG_CXX_LANGUAGE_STANDARD = "gnu++14";
				CLANG_CXX_LIBRARY = "libc++";
				CLANG_ENABLE_MODULES = YES;
				CLANG_ENABLE_OBJC_ARC = YES;
				CLANG_WARN_BLOCK_CAPTURE_AUTORELEASING = YES;
				CLANG_WARN_BOOL_CONVERSION = YES;
				CLANG_WARN_COMMA = YES;
				CLANG_WARN_CONSTANT_CONVERSION = YES;
				CLANG_WARN_DEPRECATED_OBJC_IMPLEMENTATIONS = YES;
				CLANG_WARN_DIRECT_OBJC_ISA_USAGE = YES_ERROR;
				CLANG_WARN_DOCUMENTATION_COMMENTS = YES;
				CLANG_WARN_EMPTY_BODY = YES;
				CLANG_WARN_ENUM_CONVERSION = YES;
				CLANG_WARN_INFINITE_RECURSION = YES;
				CLANG_WARN_INT_CONVERSION = YES;
				CLANG_WARN_NON_LITERAL_NULL_CONVERSION = YES;
				CLANG_WARN_OBJC_IMPLICIT_RETAIN_SELF = YES;
				CLANG_WARN_OBJC_LITERAL_CONVERSION = YES;
				CLANG_WARN_OBJC_ROOT_CLASS = YES_ERROR;
				CLANG_WARN_RANGE_LOOP_ANALYSIS = YES;
				CLANG_WARN_STRICT_PROTOTYPES = YES;
				CLANG_WARN_SUSPICIOUS_MOVE = YES;
				CLANG_WARN_UNGUARDED_AVAILABILITY = YES_AGGRESSIVE;
				CLANG_WARN_UNREACHABLE_CODE = YES;
				CLANG_WARN__DUPLICATE_METHOD_MATCH = YES;
				CODE_SIGN_IDENTITY = "iPhone Developer";
				COPY_PHASE_STRIP = NO;
				DEBUG_INFORMATION_FORMAT = dwarf;
				ENABLE_STRICT_OBJC_MSGSEND = YES;
				ENABLE_TESTABILITY = YES;
				GCC_C_LANGUAGE_STANDARD = gnu11;
				GCC_DYNAMIC_NO_PIC = NO;
				GCC_NO_COMMON_BLOCKS = YES;
				GCC_OPTIMIZATION_LEVEL = 0;
				GCC_PREPROCESSOR_DEFINITIONS = (
					"DEBUG=1",
					"$(inherited)",
				);
				GCC_WARN_64_TO_32_BIT_CONVERSION = YES;
				GCC_WARN_ABOUT_RETURN_TYPE = YES_ERROR;
				GCC_WARN_UNDECLARED_SELECTOR = YES;
				GCC_WARN_UNINITIALIZED_AUTOS = YES_AGGRESSIVE;
				GCC_WARN_UNUSED_FUNCTION = YES;
				GCC_WARN_UNUSED_VARIABLE = YES;
				INFOPLIST_FILE = Info.plist;
				IPHONEOS_DEPLOYMENT_TARGET = 11.2;
				MTL_ENABLE_DEBUG_INFO = YES;
				ONLY_ACTIVE_ARCH = YES;
				PRODUCT_BUNDLE_IDENTIFIER = com.nhs.online.dev.scratch7;
				SDKROOT = iphoneos;
				SWIFT_ACTIVE_COMPILATION_CONDITIONS = DEBUG;
				SWIFT_OPTIMIZATION_LEVEL = "-Onone";
			};
			name = Scratch7;
		};
		105BB9992179C10800571671 /* Scratch7 */ = {
			isa = XCBuildConfiguration;
			baseConfigurationReference = 105BB98D2179C09200571671 /* Scratch7.xcconfig */;
			buildSettings = {
				APP_DISPLAY_NAME = Scratch7;
				ASSETCATALOG_COMPILER_APPICON_NAME = AppIcon;
				CODE_SIGN_IDENTITY = "iPhone Developer";
				CODE_SIGN_STYLE = Manual;
				DEVELOPMENT_TEAM = 5Y58TN94AP;
				FRAMEWORK_SEARCH_PATHS = "$(inherited)";
				INFOPLIST_FILE = NHSOnline/Info.plist;
				IPHONEOS_DEPLOYMENT_TARGET = 9.0;
				LD_RUNPATH_SEARCH_PATHS = "$(inherited) @executable_path/Frameworks";
				PRODUCT_BUNDLE_IDENTIFIER = com.nhs.online.dev.scratch7;
				PRODUCT_NAME = "$(TARGET_NAME)";
				PROVISIONING_PROFILE = "";
				PROVISIONING_PROFILE_SPECIFIER = "NHS App Dev Scratch";
				SWIFT_VERSION = 4.0;
				TARGETED_DEVICE_FAMILY = "1,2";
			};
			name = Scratch7;
		};
		105BB99A2179C10800571671 /* Scratch7 */ = {
			isa = XCBuildConfiguration;
			buildSettings = {
				ALWAYS_EMBED_SWIFT_STANDARD_LIBRARIES = YES;
				BUNDLE_LOADER = "$(TEST_HOST)";
				CODE_SIGN_STYLE = Automatic;
				DEVELOPMENT_TEAM = 5Y58TN94AP;
				INFOPLIST_FILE = NHSOnlineTests/Info.plist;
				LD_RUNPATH_SEARCH_PATHS = "$(inherited) @executable_path/Frameworks @loader_path/Frameworks";
				PRODUCT_BUNDLE_IDENTIFIER = online.nhs.com.NHSOnlineTests;
				PRODUCT_NAME = "$(TARGET_NAME)";
				SWIFT_VERSION = 4.0;
				TARGETED_DEVICE_FAMILY = "1,2";
				TEST_HOST = "$(BUILT_PRODUCTS_DIR)/NHSOnline.app/NHSOnline";
			};
			name = Scratch7;
		};
		105BB99B2179C10B00571671 /* Scratch8 */ = {
			isa = XCBuildConfiguration;
			baseConfigurationReference = 981E9E33214E8EA200DA80EB /* Development.xcconfig */;
			buildSettings = {
				ALWAYS_SEARCH_USER_PATHS = NO;
				APP_DISPLAY_NAME = Scratch8;
				CLANG_ANALYZER_LOCALIZABILITY_NONLOCALIZED = YES;
				CLANG_ANALYZER_NONNULL = YES;
				CLANG_ANALYZER_NUMBER_OBJECT_CONVERSION = YES_AGGRESSIVE;
				CLANG_CXX_LANGUAGE_STANDARD = "gnu++14";
				CLANG_CXX_LIBRARY = "libc++";
				CLANG_ENABLE_MODULES = YES;
				CLANG_ENABLE_OBJC_ARC = YES;
				CLANG_WARN_BLOCK_CAPTURE_AUTORELEASING = YES;
				CLANG_WARN_BOOL_CONVERSION = YES;
				CLANG_WARN_COMMA = YES;
				CLANG_WARN_CONSTANT_CONVERSION = YES;
				CLANG_WARN_DEPRECATED_OBJC_IMPLEMENTATIONS = YES;
				CLANG_WARN_DIRECT_OBJC_ISA_USAGE = YES_ERROR;
				CLANG_WARN_DOCUMENTATION_COMMENTS = YES;
				CLANG_WARN_EMPTY_BODY = YES;
				CLANG_WARN_ENUM_CONVERSION = YES;
				CLANG_WARN_INFINITE_RECURSION = YES;
				CLANG_WARN_INT_CONVERSION = YES;
				CLANG_WARN_NON_LITERAL_NULL_CONVERSION = YES;
				CLANG_WARN_OBJC_IMPLICIT_RETAIN_SELF = YES;
				CLANG_WARN_OBJC_LITERAL_CONVERSION = YES;
				CLANG_WARN_OBJC_ROOT_CLASS = YES_ERROR;
				CLANG_WARN_RANGE_LOOP_ANALYSIS = YES;
				CLANG_WARN_STRICT_PROTOTYPES = YES;
				CLANG_WARN_SUSPICIOUS_MOVE = YES;
				CLANG_WARN_UNGUARDED_AVAILABILITY = YES_AGGRESSIVE;
				CLANG_WARN_UNREACHABLE_CODE = YES;
				CLANG_WARN__DUPLICATE_METHOD_MATCH = YES;
				CODE_SIGN_IDENTITY = "iPhone Developer";
				COPY_PHASE_STRIP = NO;
				DEBUG_INFORMATION_FORMAT = dwarf;
				ENABLE_STRICT_OBJC_MSGSEND = YES;
				ENABLE_TESTABILITY = YES;
				GCC_C_LANGUAGE_STANDARD = gnu11;
				GCC_DYNAMIC_NO_PIC = NO;
				GCC_NO_COMMON_BLOCKS = YES;
				GCC_OPTIMIZATION_LEVEL = 0;
				GCC_PREPROCESSOR_DEFINITIONS = (
					"DEBUG=1",
					"$(inherited)",
				);
				GCC_WARN_64_TO_32_BIT_CONVERSION = YES;
				GCC_WARN_ABOUT_RETURN_TYPE = YES_ERROR;
				GCC_WARN_UNDECLARED_SELECTOR = YES;
				GCC_WARN_UNINITIALIZED_AUTOS = YES_AGGRESSIVE;
				GCC_WARN_UNUSED_FUNCTION = YES;
				GCC_WARN_UNUSED_VARIABLE = YES;
				INFOPLIST_FILE = Info.plist;
				IPHONEOS_DEPLOYMENT_TARGET = 11.2;
				MTL_ENABLE_DEBUG_INFO = YES;
				ONLY_ACTIVE_ARCH = YES;
				PRODUCT_BUNDLE_IDENTIFIER = com.nhs.online.dev.scratch8;
				SDKROOT = iphoneos;
				SWIFT_ACTIVE_COMPILATION_CONDITIONS = DEBUG;
				SWIFT_OPTIMIZATION_LEVEL = "-Onone";
			};
			name = Scratch8;
		};
		105BB99C2179C10B00571671 /* Scratch8 */ = {
			isa = XCBuildConfiguration;
			baseConfigurationReference = 105BB98F2179C0A300571671 /* Scratch8.xcconfig */;
			buildSettings = {
				APP_DISPLAY_NAME = Scratch8;
				ASSETCATALOG_COMPILER_APPICON_NAME = AppIcon;
				CODE_SIGN_IDENTITY = "iPhone Developer";
				CODE_SIGN_STYLE = Manual;
				DEVELOPMENT_TEAM = 5Y58TN94AP;
				FRAMEWORK_SEARCH_PATHS = "$(inherited)";
				INFOPLIST_FILE = NHSOnline/Info.plist;
				IPHONEOS_DEPLOYMENT_TARGET = 9.0;
				LD_RUNPATH_SEARCH_PATHS = "$(inherited) @executable_path/Frameworks";
				PRODUCT_BUNDLE_IDENTIFIER = com.nhs.online.dev.scratch8;
				PRODUCT_NAME = "$(TARGET_NAME)";
				PROVISIONING_PROFILE = "";
				PROVISIONING_PROFILE_SPECIFIER = "NHS App Dev Scratch";
				SWIFT_VERSION = 4.0;
				TARGETED_DEVICE_FAMILY = "1,2";
			};
			name = Scratch8;
		};
		105BB99D2179C10B00571671 /* Scratch8 */ = {
			isa = XCBuildConfiguration;
			buildSettings = {
				ALWAYS_EMBED_SWIFT_STANDARD_LIBRARIES = YES;
				BUNDLE_LOADER = "$(TEST_HOST)";
				CODE_SIGN_STYLE = Automatic;
				DEVELOPMENT_TEAM = 5Y58TN94AP;
				INFOPLIST_FILE = NHSOnlineTests/Info.plist;
				LD_RUNPATH_SEARCH_PATHS = "$(inherited) @executable_path/Frameworks @loader_path/Frameworks";
				PRODUCT_BUNDLE_IDENTIFIER = online.nhs.com.NHSOnlineTests;
				PRODUCT_NAME = "$(TARGET_NAME)";
				SWIFT_VERSION = 4.0;
				TARGETED_DEVICE_FAMILY = "1,2";
				TEST_HOST = "$(BUILT_PRODUCTS_DIR)/NHSOnline.app/NHSOnline";
			};
			name = Scratch8;
		};
		105BB99E2179C10E00571671 /* Scratch9 */ = {
			isa = XCBuildConfiguration;
			baseConfigurationReference = 981E9E33214E8EA200DA80EB /* Development.xcconfig */;
			buildSettings = {
				ALWAYS_SEARCH_USER_PATHS = NO;
				APP_DISPLAY_NAME = Scratch9;
				CLANG_ANALYZER_LOCALIZABILITY_NONLOCALIZED = YES;
				CLANG_ANALYZER_NONNULL = YES;
				CLANG_ANALYZER_NUMBER_OBJECT_CONVERSION = YES_AGGRESSIVE;
				CLANG_CXX_LANGUAGE_STANDARD = "gnu++14";
				CLANG_CXX_LIBRARY = "libc++";
				CLANG_ENABLE_MODULES = YES;
				CLANG_ENABLE_OBJC_ARC = YES;
				CLANG_WARN_BLOCK_CAPTURE_AUTORELEASING = YES;
				CLANG_WARN_BOOL_CONVERSION = YES;
				CLANG_WARN_COMMA = YES;
				CLANG_WARN_CONSTANT_CONVERSION = YES;
				CLANG_WARN_DEPRECATED_OBJC_IMPLEMENTATIONS = YES;
				CLANG_WARN_DIRECT_OBJC_ISA_USAGE = YES_ERROR;
				CLANG_WARN_DOCUMENTATION_COMMENTS = YES;
				CLANG_WARN_EMPTY_BODY = YES;
				CLANG_WARN_ENUM_CONVERSION = YES;
				CLANG_WARN_INFINITE_RECURSION = YES;
				CLANG_WARN_INT_CONVERSION = YES;
				CLANG_WARN_NON_LITERAL_NULL_CONVERSION = YES;
				CLANG_WARN_OBJC_IMPLICIT_RETAIN_SELF = YES;
				CLANG_WARN_OBJC_LITERAL_CONVERSION = YES;
				CLANG_WARN_OBJC_ROOT_CLASS = YES_ERROR;
				CLANG_WARN_RANGE_LOOP_ANALYSIS = YES;
				CLANG_WARN_STRICT_PROTOTYPES = YES;
				CLANG_WARN_SUSPICIOUS_MOVE = YES;
				CLANG_WARN_UNGUARDED_AVAILABILITY = YES_AGGRESSIVE;
				CLANG_WARN_UNREACHABLE_CODE = YES;
				CLANG_WARN__DUPLICATE_METHOD_MATCH = YES;
				CODE_SIGN_IDENTITY = "iPhone Developer";
				COPY_PHASE_STRIP = NO;
				DEBUG_INFORMATION_FORMAT = dwarf;
				ENABLE_STRICT_OBJC_MSGSEND = YES;
				ENABLE_TESTABILITY = YES;
				GCC_C_LANGUAGE_STANDARD = gnu11;
				GCC_DYNAMIC_NO_PIC = NO;
				GCC_NO_COMMON_BLOCKS = YES;
				GCC_OPTIMIZATION_LEVEL = 0;
				GCC_PREPROCESSOR_DEFINITIONS = (
					"DEBUG=1",
					"$(inherited)",
				);
				GCC_WARN_64_TO_32_BIT_CONVERSION = YES;
				GCC_WARN_ABOUT_RETURN_TYPE = YES_ERROR;
				GCC_WARN_UNDECLARED_SELECTOR = YES;
				GCC_WARN_UNINITIALIZED_AUTOS = YES_AGGRESSIVE;
				GCC_WARN_UNUSED_FUNCTION = YES;
				GCC_WARN_UNUSED_VARIABLE = YES;
				INFOPLIST_FILE = Info.plist;
				IPHONEOS_DEPLOYMENT_TARGET = 11.2;
				MTL_ENABLE_DEBUG_INFO = YES;
				ONLY_ACTIVE_ARCH = YES;
				PRODUCT_BUNDLE_IDENTIFIER = com.nhs.online.dev.scratch9;
				SDKROOT = iphoneos;
				SWIFT_ACTIVE_COMPILATION_CONDITIONS = DEBUG;
				SWIFT_OPTIMIZATION_LEVEL = "-Onone";
			};
			name = Scratch9;
		};
		105BB99F2179C10E00571671 /* Scratch9 */ = {
			isa = XCBuildConfiguration;
			baseConfigurationReference = 105BB9912179C0B100571671 /* Scratch9.xcconfig */;
			buildSettings = {
				APP_DISPLAY_NAME = Scratch9;
				ASSETCATALOG_COMPILER_APPICON_NAME = AppIcon;
				CODE_SIGN_IDENTITY = "iPhone Developer";
				CODE_SIGN_STYLE = Manual;
				DEVELOPMENT_TEAM = 5Y58TN94AP;
				FRAMEWORK_SEARCH_PATHS = "$(inherited)";
				INFOPLIST_FILE = NHSOnline/Info.plist;
				IPHONEOS_DEPLOYMENT_TARGET = 9.0;
				LD_RUNPATH_SEARCH_PATHS = "$(inherited) @executable_path/Frameworks";
				PRODUCT_BUNDLE_IDENTIFIER = com.nhs.online.dev.scratch9;
				PRODUCT_NAME = "$(TARGET_NAME)";
				PROVISIONING_PROFILE = "";
				PROVISIONING_PROFILE_SPECIFIER = "NHS App Dev Scratch";
				SWIFT_VERSION = 4.0;
				TARGETED_DEVICE_FAMILY = "1,2";
			};
			name = Scratch9;
		};
		105BB9A02179C10E00571671 /* Scratch9 */ = {
			isa = XCBuildConfiguration;
			buildSettings = {
				ALWAYS_EMBED_SWIFT_STANDARD_LIBRARIES = YES;
				BUNDLE_LOADER = "$(TEST_HOST)";
				CODE_SIGN_STYLE = Automatic;
				DEVELOPMENT_TEAM = 5Y58TN94AP;
				INFOPLIST_FILE = NHSOnlineTests/Info.plist;
				LD_RUNPATH_SEARCH_PATHS = "$(inherited) @executable_path/Frameworks @loader_path/Frameworks";
				PRODUCT_BUNDLE_IDENTIFIER = online.nhs.com.NHSOnlineTests;
				PRODUCT_NAME = "$(TARGET_NAME)";
				SWIFT_VERSION = 4.0;
				TARGETED_DEVICE_FAMILY = "1,2";
				TEST_HOST = "$(BUILT_PRODUCTS_DIR)/NHSOnline.app/NHSOnline";
			};
			name = Scratch9;
		};
		105BB9A12179C11000571671 /* Scratch10 */ = {
			isa = XCBuildConfiguration;
			baseConfigurationReference = 981E9E33214E8EA200DA80EB /* Development.xcconfig */;
			buildSettings = {
				ALWAYS_SEARCH_USER_PATHS = NO;
				APP_DISPLAY_NAME = Scratch10;
				CLANG_ANALYZER_LOCALIZABILITY_NONLOCALIZED = YES;
				CLANG_ANALYZER_NONNULL = YES;
				CLANG_ANALYZER_NUMBER_OBJECT_CONVERSION = YES_AGGRESSIVE;
				CLANG_CXX_LANGUAGE_STANDARD = "gnu++14";
				CLANG_CXX_LIBRARY = "libc++";
				CLANG_ENABLE_MODULES = YES;
				CLANG_ENABLE_OBJC_ARC = YES;
				CLANG_WARN_BLOCK_CAPTURE_AUTORELEASING = YES;
				CLANG_WARN_BOOL_CONVERSION = YES;
				CLANG_WARN_COMMA = YES;
				CLANG_WARN_CONSTANT_CONVERSION = YES;
				CLANG_WARN_DEPRECATED_OBJC_IMPLEMENTATIONS = YES;
				CLANG_WARN_DIRECT_OBJC_ISA_USAGE = YES_ERROR;
				CLANG_WARN_DOCUMENTATION_COMMENTS = YES;
				CLANG_WARN_EMPTY_BODY = YES;
				CLANG_WARN_ENUM_CONVERSION = YES;
				CLANG_WARN_INFINITE_RECURSION = YES;
				CLANG_WARN_INT_CONVERSION = YES;
				CLANG_WARN_NON_LITERAL_NULL_CONVERSION = YES;
				CLANG_WARN_OBJC_IMPLICIT_RETAIN_SELF = YES;
				CLANG_WARN_OBJC_LITERAL_CONVERSION = YES;
				CLANG_WARN_OBJC_ROOT_CLASS = YES_ERROR;
				CLANG_WARN_RANGE_LOOP_ANALYSIS = YES;
				CLANG_WARN_STRICT_PROTOTYPES = YES;
				CLANG_WARN_SUSPICIOUS_MOVE = YES;
				CLANG_WARN_UNGUARDED_AVAILABILITY = YES_AGGRESSIVE;
				CLANG_WARN_UNREACHABLE_CODE = YES;
				CLANG_WARN__DUPLICATE_METHOD_MATCH = YES;
				CODE_SIGN_IDENTITY = "iPhone Developer";
				COPY_PHASE_STRIP = NO;
				DEBUG_INFORMATION_FORMAT = dwarf;
				ENABLE_STRICT_OBJC_MSGSEND = YES;
				ENABLE_TESTABILITY = YES;
				GCC_C_LANGUAGE_STANDARD = gnu11;
				GCC_DYNAMIC_NO_PIC = NO;
				GCC_NO_COMMON_BLOCKS = YES;
				GCC_OPTIMIZATION_LEVEL = 0;
				GCC_PREPROCESSOR_DEFINITIONS = (
					"DEBUG=1",
					"$(inherited)",
				);
				GCC_WARN_64_TO_32_BIT_CONVERSION = YES;
				GCC_WARN_ABOUT_RETURN_TYPE = YES_ERROR;
				GCC_WARN_UNDECLARED_SELECTOR = YES;
				GCC_WARN_UNINITIALIZED_AUTOS = YES_AGGRESSIVE;
				GCC_WARN_UNUSED_FUNCTION = YES;
				GCC_WARN_UNUSED_VARIABLE = YES;
				INFOPLIST_FILE = Info.plist;
				IPHONEOS_DEPLOYMENT_TARGET = 11.2;
				MTL_ENABLE_DEBUG_INFO = YES;
				ONLY_ACTIVE_ARCH = YES;
				PRODUCT_BUNDLE_IDENTIFIER = com.nhs.online.dev.scratch10;
				SDKROOT = iphoneos;
				SWIFT_ACTIVE_COMPILATION_CONDITIONS = DEBUG;
				SWIFT_OPTIMIZATION_LEVEL = "-Onone";
			};
			name = Scratch10;
		};
		105BB9A22179C11000571671 /* Scratch10 */ = {
			isa = XCBuildConfiguration;
			baseConfigurationReference = 105BB9932179C0C400571671 /* Scratch10.xcconfig */;
			buildSettings = {
				APP_DISPLAY_NAME = Scratch10;
				ASSETCATALOG_COMPILER_APPICON_NAME = AppIcon;
				CODE_SIGN_IDENTITY = "iPhone Developer";
				CODE_SIGN_STYLE = Manual;
				DEVELOPMENT_TEAM = 5Y58TN94AP;
				FRAMEWORK_SEARCH_PATHS = "$(inherited)";
				INFOPLIST_FILE = NHSOnline/Info.plist;
				IPHONEOS_DEPLOYMENT_TARGET = 9.0;
				LD_RUNPATH_SEARCH_PATHS = "$(inherited) @executable_path/Frameworks";
				PRODUCT_BUNDLE_IDENTIFIER = com.nhs.online.dev.scratch10;
				PRODUCT_NAME = "$(TARGET_NAME)";
				PROVISIONING_PROFILE = "";
				PROVISIONING_PROFILE_SPECIFIER = "NHS App Dev Scratch";
				SWIFT_VERSION = 4.0;
				TARGETED_DEVICE_FAMILY = "1,2";
			};
			name = Scratch10;
		};
		105BB9A32179C11000571671 /* Scratch10 */ = {
			isa = XCBuildConfiguration;
			buildSettings = {
				ALWAYS_EMBED_SWIFT_STANDARD_LIBRARIES = YES;
				BUNDLE_LOADER = "$(TEST_HOST)";
				CODE_SIGN_STYLE = Automatic;
				DEVELOPMENT_TEAM = 5Y58TN94AP;
				INFOPLIST_FILE = NHSOnlineTests/Info.plist;
				LD_RUNPATH_SEARCH_PATHS = "$(inherited) @executable_path/Frameworks @loader_path/Frameworks";
				PRODUCT_BUNDLE_IDENTIFIER = online.nhs.com.NHSOnlineTests;
				PRODUCT_NAME = "$(TARGET_NAME)";
				SWIFT_VERSION = 4.0;
				TARGETED_DEVICE_FAMILY = "1,2";
				TEST_HOST = "$(BUILT_PRODUCTS_DIR)/NHSOnline.app/NHSOnline";
			};
			name = Scratch10;
		};
		987E7B40214AF7DB00433F9C /* Production */ = {
			isa = XCBuildConfiguration;
			baseConfigurationReference = 981E9E35214E8F2000DA80EB /* Production.xcconfig */;
			buildSettings = {
				ALWAYS_SEARCH_USER_PATHS = NO;
				APP_DISPLAY_NAME = "NHS App";
				CLANG_ANALYZER_LOCALIZABILITY_NONLOCALIZED = YES;
				CLANG_ANALYZER_NONNULL = YES;
				CLANG_ANALYZER_NUMBER_OBJECT_CONVERSION = YES_AGGRESSIVE;
				CLANG_CXX_LANGUAGE_STANDARD = "gnu++14";
				CLANG_CXX_LIBRARY = "libc++";
				CLANG_ENABLE_MODULES = YES;
				CLANG_ENABLE_OBJC_ARC = YES;
				CLANG_WARN_BLOCK_CAPTURE_AUTORELEASING = YES;
				CLANG_WARN_BOOL_CONVERSION = YES;
				CLANG_WARN_COMMA = YES;
				CLANG_WARN_CONSTANT_CONVERSION = YES;
				CLANG_WARN_DEPRECATED_OBJC_IMPLEMENTATIONS = YES;
				CLANG_WARN_DIRECT_OBJC_ISA_USAGE = YES_ERROR;
				CLANG_WARN_DOCUMENTATION_COMMENTS = YES;
				CLANG_WARN_EMPTY_BODY = YES;
				CLANG_WARN_ENUM_CONVERSION = YES;
				CLANG_WARN_INFINITE_RECURSION = YES;
				CLANG_WARN_INT_CONVERSION = YES;
				CLANG_WARN_NON_LITERAL_NULL_CONVERSION = YES;
				CLANG_WARN_OBJC_IMPLICIT_RETAIN_SELF = YES;
				CLANG_WARN_OBJC_LITERAL_CONVERSION = YES;
				CLANG_WARN_OBJC_ROOT_CLASS = YES_ERROR;
				CLANG_WARN_RANGE_LOOP_ANALYSIS = YES;
				CLANG_WARN_STRICT_PROTOTYPES = YES;
				CLANG_WARN_SUSPICIOUS_MOVE = YES;
				CLANG_WARN_UNGUARDED_AVAILABILITY = YES_AGGRESSIVE;
				CLANG_WARN_UNREACHABLE_CODE = YES;
				CLANG_WARN__DUPLICATE_METHOD_MATCH = YES;
				CODE_SIGN_IDENTITY = "iPhone Developer";
				COPY_PHASE_STRIP = NO;
				DEBUG_INFORMATION_FORMAT = "dwarf-with-dsym";
				ENABLE_NS_ASSERTIONS = NO;
				ENABLE_STRICT_OBJC_MSGSEND = YES;
				ENABLE_TESTABILITY = NO;
				GCC_C_LANGUAGE_STANDARD = gnu11;
				GCC_NO_COMMON_BLOCKS = YES;
				GCC_WARN_64_TO_32_BIT_CONVERSION = YES;
				GCC_WARN_ABOUT_RETURN_TYPE = YES_ERROR;
				GCC_WARN_UNDECLARED_SELECTOR = YES;
				GCC_WARN_UNINITIALIZED_AUTOS = YES_AGGRESSIVE;
				GCC_WARN_UNUSED_FUNCTION = YES;
				GCC_WARN_UNUSED_VARIABLE = YES;
				INFOPLIST_FILE = Info.plist;
				IPHONEOS_DEPLOYMENT_TARGET = 11.2;
				MTL_ENABLE_DEBUG_INFO = NO;
				PRODUCT_BUNDLE_IDENTIFIER = com.nhs.online;
				SDKROOT = iphoneos;
				SWIFT_OPTIMIZATION_LEVEL = "-Owholemodule";
				VALIDATE_PRODUCT = YES;
			};
			name = Production;
		};
		987E7B41214AF7DB00433F9C /* Production */ = {
			isa = XCBuildConfiguration;
			baseConfigurationReference = 981E9E35214E8F2000DA80EB /* Production.xcconfig */;
			buildSettings = {
				APP_DISPLAY_NAME = "NHS App";
				ASSETCATALOG_COMPILER_APPICON_NAME = AppIcon;
				CODE_SIGN_IDENTITY = "iPhone Distribution";
				CODE_SIGN_STYLE = Manual;
				DEVELOPMENT_TEAM = 5Y58TN94AP;
				FRAMEWORK_SEARCH_PATHS = "$(inherited)";
				INFOPLIST_FILE = NHSOnline/Info.plist;
				IPHONEOS_DEPLOYMENT_TARGET = 9.0;
				LD_RUNPATH_SEARCH_PATHS = "$(inherited) @executable_path/Frameworks";
				PRODUCT_BUNDLE_IDENTIFIER = com.nhs.online;
				PRODUCT_NAME = "$(TARGET_NAME)";
				PROVISIONING_PROFILE = "";
				PROVISIONING_PROFILE_SPECIFIER = "NHS App Distribution";
				SWIFT_VERSION = 4.0;
				TARGETED_DEVICE_FAMILY = "1,2";
				TREAT_MISSING_BASELINES_AS_TEST_FAILURES = NO;
			};
			name = Production;
		};
		987E7B42214AF7DB00433F9C /* Production */ = {
			isa = XCBuildConfiguration;
			buildSettings = {
				ALWAYS_EMBED_SWIFT_STANDARD_LIBRARIES = YES;
				BUNDLE_LOADER = "$(TEST_HOST)";
				CODE_SIGN_STYLE = Automatic;
				DEVELOPMENT_TEAM = 5Y58TN94AP;
				INFOPLIST_FILE = NHSOnlineTests/Info.plist;
				LD_RUNPATH_SEARCH_PATHS = "$(inherited) @executable_path/Frameworks @loader_path/Frameworks";
				PRODUCT_BUNDLE_IDENTIFIER = online.nhs.com.NHSOnlineTests;
				PRODUCT_NAME = "$(TARGET_NAME)";
				SWIFT_VERSION = 4.0;
				TARGETED_DEVICE_FAMILY = "1,2";
				TEST_HOST = "$(BUILT_PRODUCTS_DIR)/NHSOnline.app/NHSOnline";
			};
			name = Production;
		};
		C20578252028B94800CDBDC5 /* Development */ = {
			isa = XCBuildConfiguration;
			buildSettings = {
				ALWAYS_SEARCH_USER_PATHS = NO;
				APP_DISPLAY_NAME = Preview;
				CLANG_ANALYZER_LOCALIZABILITY_NONLOCALIZED = YES;
				CLANG_ANALYZER_NONNULL = YES;
				CLANG_ANALYZER_NUMBER_OBJECT_CONVERSION = YES_AGGRESSIVE;
				CLANG_CXX_LANGUAGE_STANDARD = "gnu++14";
				CLANG_CXX_LIBRARY = "libc++";
				CLANG_ENABLE_MODULES = YES;
				CLANG_ENABLE_OBJC_ARC = YES;
				CLANG_WARN_BLOCK_CAPTURE_AUTORELEASING = YES;
				CLANG_WARN_BOOL_CONVERSION = YES;
				CLANG_WARN_COMMA = YES;
				CLANG_WARN_CONSTANT_CONVERSION = YES;
				CLANG_WARN_DEPRECATED_OBJC_IMPLEMENTATIONS = YES;
				CLANG_WARN_DIRECT_OBJC_ISA_USAGE = YES_ERROR;
				CLANG_WARN_DOCUMENTATION_COMMENTS = YES;
				CLANG_WARN_EMPTY_BODY = YES;
				CLANG_WARN_ENUM_CONVERSION = YES;
				CLANG_WARN_INFINITE_RECURSION = YES;
				CLANG_WARN_INT_CONVERSION = YES;
				CLANG_WARN_NON_LITERAL_NULL_CONVERSION = YES;
				CLANG_WARN_OBJC_IMPLICIT_RETAIN_SELF = YES;
				CLANG_WARN_OBJC_LITERAL_CONVERSION = YES;
				CLANG_WARN_OBJC_ROOT_CLASS = YES_ERROR;
				CLANG_WARN_RANGE_LOOP_ANALYSIS = YES;
				CLANG_WARN_STRICT_PROTOTYPES = YES;
				CLANG_WARN_SUSPICIOUS_MOVE = YES;
				CLANG_WARN_UNGUARDED_AVAILABILITY = YES_AGGRESSIVE;
				CLANG_WARN_UNREACHABLE_CODE = YES;
				CLANG_WARN__DUPLICATE_METHOD_MATCH = YES;
				CODE_SIGN_IDENTITY = "iPhone Developer";
				COPY_PHASE_STRIP = NO;
				DEBUG_INFORMATION_FORMAT = dwarf;
				ENABLE_STRICT_OBJC_MSGSEND = YES;
				ENABLE_TESTABILITY = YES;
				GCC_C_LANGUAGE_STANDARD = gnu11;
				GCC_DYNAMIC_NO_PIC = NO;
				GCC_NO_COMMON_BLOCKS = YES;
				GCC_OPTIMIZATION_LEVEL = 0;
				GCC_PREPROCESSOR_DEFINITIONS = (
					"DEBUG=1",
					"$(inherited)",
				);
				GCC_WARN_64_TO_32_BIT_CONVERSION = YES;
				GCC_WARN_ABOUT_RETURN_TYPE = YES_ERROR;
				GCC_WARN_UNDECLARED_SELECTOR = YES;
				GCC_WARN_UNINITIALIZED_AUTOS = YES_AGGRESSIVE;
				GCC_WARN_UNUSED_FUNCTION = YES;
				GCC_WARN_UNUSED_VARIABLE = YES;
				INFOPLIST_FILE = Info.plist;
				IPHONEOS_DEPLOYMENT_TARGET = 11.2;
				MTL_ENABLE_DEBUG_INFO = YES;
				ONLY_ACTIVE_ARCH = YES;
				PRODUCT_BUNDLE_IDENTIFIER = com.nhs.online.dev.preview;
				SDKROOT = iphoneos;
				SWIFT_ACTIVE_COMPILATION_CONDITIONS = DEBUG;
				SWIFT_OPTIMIZATION_LEVEL = "-Onone";
			};
			name = Development;
		};
		C20578262028B94800CDBDC5 /* Demo */ = {
			isa = XCBuildConfiguration;
			baseConfigurationReference = 981E9E34214E8F1000DA80EB /* Demo.xcconfig */;
			buildSettings = {
				ALWAYS_SEARCH_USER_PATHS = NO;
				APP_DISPLAY_NAME = "NHS App Demo";
				CLANG_ANALYZER_LOCALIZABILITY_NONLOCALIZED = YES;
				CLANG_ANALYZER_NONNULL = YES;
				CLANG_ANALYZER_NUMBER_OBJECT_CONVERSION = YES_AGGRESSIVE;
				CLANG_CXX_LANGUAGE_STANDARD = "gnu++14";
				CLANG_CXX_LIBRARY = "libc++";
				CLANG_ENABLE_MODULES = YES;
				CLANG_ENABLE_OBJC_ARC = YES;
				CLANG_WARN_BLOCK_CAPTURE_AUTORELEASING = YES;
				CLANG_WARN_BOOL_CONVERSION = YES;
				CLANG_WARN_COMMA = YES;
				CLANG_WARN_CONSTANT_CONVERSION = YES;
				CLANG_WARN_DEPRECATED_OBJC_IMPLEMENTATIONS = YES;
				CLANG_WARN_DIRECT_OBJC_ISA_USAGE = YES_ERROR;
				CLANG_WARN_DOCUMENTATION_COMMENTS = YES;
				CLANG_WARN_EMPTY_BODY = YES;
				CLANG_WARN_ENUM_CONVERSION = YES;
				CLANG_WARN_INFINITE_RECURSION = YES;
				CLANG_WARN_INT_CONVERSION = YES;
				CLANG_WARN_NON_LITERAL_NULL_CONVERSION = YES;
				CLANG_WARN_OBJC_IMPLICIT_RETAIN_SELF = YES;
				CLANG_WARN_OBJC_LITERAL_CONVERSION = YES;
				CLANG_WARN_OBJC_ROOT_CLASS = YES_ERROR;
				CLANG_WARN_RANGE_LOOP_ANALYSIS = YES;
				CLANG_WARN_STRICT_PROTOTYPES = YES;
				CLANG_WARN_SUSPICIOUS_MOVE = YES;
				CLANG_WARN_UNGUARDED_AVAILABILITY = YES_AGGRESSIVE;
				CLANG_WARN_UNREACHABLE_CODE = YES;
				CLANG_WARN__DUPLICATE_METHOD_MATCH = YES;
				CODE_SIGN_IDENTITY = "iPhone Developer";
				COPY_PHASE_STRIP = NO;
				DEBUG_INFORMATION_FORMAT = "dwarf-with-dsym";
				ENABLE_NS_ASSERTIONS = NO;
				ENABLE_STRICT_OBJC_MSGSEND = YES;
				ENABLE_TESTABILITY = NO;
				GCC_C_LANGUAGE_STANDARD = gnu11;
				GCC_NO_COMMON_BLOCKS = YES;
				GCC_WARN_64_TO_32_BIT_CONVERSION = YES;
				GCC_WARN_ABOUT_RETURN_TYPE = YES_ERROR;
				GCC_WARN_UNDECLARED_SELECTOR = YES;
				GCC_WARN_UNINITIALIZED_AUTOS = YES_AGGRESSIVE;
				GCC_WARN_UNUSED_FUNCTION = YES;
				GCC_WARN_UNUSED_VARIABLE = YES;
				INFOPLIST_FILE = Info.plist;
				IPHONEOS_DEPLOYMENT_TARGET = 11.2;
				MTL_ENABLE_DEBUG_INFO = NO;
				PRODUCT_BUNDLE_IDENTIFIER = com.nhs.online;
				SDKROOT = iphoneos;
				SWIFT_OPTIMIZATION_LEVEL = "-Owholemodule";
				VALIDATE_PRODUCT = YES;
			};
			name = Demo;
		};
		C20578282028B94800CDBDC5 /* Development */ = {
			isa = XCBuildConfiguration;
			baseConfigurationReference = 981E9E33214E8EA200DA80EB /* Development.xcconfig */;
			buildSettings = {
				APP_DISPLAY_NAME = Preview;
				ASSETCATALOG_COMPILER_APPICON_NAME = AppIcon;
				CODE_SIGN_IDENTITY = "iPhone Developer";
				CODE_SIGN_STYLE = Manual;
				DEVELOPMENT_TEAM = 5Y58TN94AP;
				FRAMEWORK_SEARCH_PATHS = "$(inherited)";
				INFOPLIST_FILE = NHSOnline/Info.plist;
				IPHONEOS_DEPLOYMENT_TARGET = 9.0;
				LD_RUNPATH_SEARCH_PATHS = "$(inherited) @executable_path/Frameworks";
				PRODUCT_BUNDLE_IDENTIFIER = com.nhs.online.dev.preview;
				PRODUCT_NAME = "$(TARGET_NAME)";
				PROVISIONING_PROFILE = "";
				PROVISIONING_PROFILE_SPECIFIER = "NHS App Dev Scratch";
				SWIFT_VERSION = 4.0;
				TARGETED_DEVICE_FAMILY = "1,2";
				TREAT_MISSING_BASELINES_AS_TEST_FAILURES = YES;
			};
			name = Development;
		};
		C20578292028B94800CDBDC5 /* Demo */ = {
			isa = XCBuildConfiguration;
			baseConfigurationReference = 981E9E34214E8F1000DA80EB /* Demo.xcconfig */;
			buildSettings = {
				APP_DISPLAY_NAME = "NHS App Demo";
				ASSETCATALOG_COMPILER_APPICON_NAME = AppIcon;
				CODE_SIGN_IDENTITY = "iPhone Distribution";
				CODE_SIGN_STYLE = Manual;
				DEVELOPMENT_TEAM = 5Y58TN94AP;
				ENABLE_TESTABILITY = YES;
				FRAMEWORK_SEARCH_PATHS = "$(inherited)";
				INFOPLIST_FILE = NHSOnline/Info.plist;
				IPHONEOS_DEPLOYMENT_TARGET = 9.0;
				LD_RUNPATH_SEARCH_PATHS = "$(inherited) @executable_path/Frameworks";
				PRODUCT_BUNDLE_IDENTIFIER = com.nhs.online;
				PRODUCT_NAME = "$(TARGET_NAME)";
				PROVISIONING_PROFILE = "";
				PROVISIONING_PROFILE_SPECIFIER = "NHS App Distribution";
				SWIFT_VERSION = 4.0;
				TARGETED_DEVICE_FAMILY = "1,2";
				TREAT_MISSING_BASELINES_AS_TEST_FAILURES = NO;
			};
			name = Demo;
		};
		C205782B2028B94800CDBDC5 /* Development */ = {
			isa = XCBuildConfiguration;
			baseConfigurationReference = 981E9E33214E8EA200DA80EB /* Development.xcconfig */;
			buildSettings = {
				ALWAYS_EMBED_SWIFT_STANDARD_LIBRARIES = YES;
				BUNDLE_LOADER = "$(TEST_HOST)";
				CODE_SIGN_STYLE = Automatic;
				DEVELOPMENT_TEAM = 5Y58TN94AP;
				INFOPLIST_FILE = NHSOnlineTests/Info.plist;
				LD_RUNPATH_SEARCH_PATHS = "$(inherited) @executable_path/Frameworks @loader_path/Frameworks";
				PRODUCT_BUNDLE_IDENTIFIER = online.nhs.com.NHSOnlineTests;
				PRODUCT_NAME = "$(TARGET_NAME)";
				SWIFT_VERSION = 4.0;
				TARGETED_DEVICE_FAMILY = "1,2";
				TEST_HOST = "$(BUILT_PRODUCTS_DIR)/NHSOnline.app/NHSOnline";
			};
			name = Development;
		};
		C205782C2028B94800CDBDC5 /* Demo */ = {
			isa = XCBuildConfiguration;
			buildSettings = {
				ALWAYS_EMBED_SWIFT_STANDARD_LIBRARIES = YES;
				BUNDLE_LOADER = "$(TEST_HOST)";
				CODE_SIGN_STYLE = Automatic;
				DEVELOPMENT_TEAM = 5Y58TN94AP;
				INFOPLIST_FILE = NHSOnlineTests/Info.plist;
				LD_RUNPATH_SEARCH_PATHS = "$(inherited) @executable_path/Frameworks @loader_path/Frameworks";
				PRODUCT_BUNDLE_IDENTIFIER = online.nhs.com.NHSOnlineTests;
				PRODUCT_NAME = "$(TARGET_NAME)";
				SWIFT_VERSION = 4.0;
				TARGETED_DEVICE_FAMILY = "1,2";
				TEST_HOST = "$(BUILT_PRODUCTS_DIR)/NHSOnline.app/NHSOnline";
			};
			name = Demo;
		};
/* End XCBuildConfiguration section */

/* Begin XCConfigurationList section */
		C20577FA2028B94800CDBDC5 /* Build configuration list for PBXProject "NHSOnline" */ = {
			isa = XCConfigurationList;
			buildConfigurations = (
				C20578252028B94800CDBDC5 /* Development */,
				105BB97A2179B49900571671 /* Scratch1 */,
				105BB97D2179B4A700571671 /* Scratch2 */,
				105BB9802179B4B700571671 /* Scratch3 */,
				105BB9832179B4C300571671 /* Scratch4 */,
				105BB9882179B68D00571671 /* Scratch5 */,
				105BB9952179C10500571671 /* Scratch6 */,
				105BB9982179C10800571671 /* Scratch7 */,
				105BB99B2179C10B00571671 /* Scratch8 */,
				105BB99E2179C10E00571671 /* Scratch9 */,
				105BB9A12179C11000571671 /* Scratch10 */,
				C20578262028B94800CDBDC5 /* Demo */,
				987E7B40214AF7DB00433F9C /* Production */,
			);
			defaultConfigurationIsVisible = 0;
			defaultConfigurationName = Production;
		};
		C20578272028B94800CDBDC5 /* Build configuration list for PBXNativeTarget "NHSOnline" */ = {
			isa = XCConfigurationList;
			buildConfigurations = (
				C20578282028B94800CDBDC5 /* Development */,
				105BB97B2179B49900571671 /* Scratch1 */,
				105BB97E2179B4A700571671 /* Scratch2 */,
				105BB9812179B4B700571671 /* Scratch3 */,
				105BB9842179B4C300571671 /* Scratch4 */,
				105BB9892179B68D00571671 /* Scratch5 */,
				105BB9962179C10500571671 /* Scratch6 */,
				105BB9992179C10800571671 /* Scratch7 */,
				105BB99C2179C10B00571671 /* Scratch8 */,
				105BB99F2179C10E00571671 /* Scratch9 */,
				105BB9A22179C11000571671 /* Scratch10 */,
				C20578292028B94800CDBDC5 /* Demo */,
				987E7B41214AF7DB00433F9C /* Production */,
			);
			defaultConfigurationIsVisible = 0;
			defaultConfigurationName = Production;
		};
		C205782A2028B94800CDBDC5 /* Build configuration list for PBXNativeTarget "NHSOnlineTests" */ = {
			isa = XCConfigurationList;
			buildConfigurations = (
				C205782B2028B94800CDBDC5 /* Development */,
				105BB97C2179B49900571671 /* Scratch1 */,
				105BB97F2179B4A700571671 /* Scratch2 */,
				105BB9822179B4B700571671 /* Scratch3 */,
				105BB9852179B4C300571671 /* Scratch4 */,
				105BB98A2179B68D00571671 /* Scratch5 */,
				105BB9972179C10500571671 /* Scratch6 */,
				105BB99A2179C10800571671 /* Scratch7 */,
				105BB99D2179C10B00571671 /* Scratch8 */,
				105BB9A02179C10E00571671 /* Scratch9 */,
				105BB9A32179C11000571671 /* Scratch10 */,
				C205782C2028B94800CDBDC5 /* Demo */,
				987E7B42214AF7DB00433F9C /* Production */,
			);
			defaultConfigurationIsVisible = 0;
			defaultConfigurationName = Production;
		};
/* End XCConfigurationList section */
	};
	rootObject = C20577F72028B94800CDBDC5 /* Project object */;
}
