
Microsoft Visual Studio Solution File, Format Version 12.00
# Visual Studio Version 16
VisualStudioVersion = 16.0.30204.135
MinimumVisualStudioVersion = 10.0.40219.1
Project("{FAE04EC0-301F-11D3-BF4B-00C04F79EFBC}") = "NHSOnline.App.Android", "NHSOnline.App.Android\NHSOnline.App.Android.csproj", "{30B3186B-8809-4016-817A-894E629D1EDF}"
EndProject
Project("{FAE04EC0-301F-11D3-BF4B-00C04F79EFBC}") = "NHSOnline.App.iOS", "NHSOnline.App.iOS\NHSOnline.App.iOS.csproj", "{F135886A-E596-49E8-A3D9-BF4AD1C587B9}"
EndProject
Project("{9A19103F-16F7-4668-BE54-9A1E7A4F7556}") = "NHSOnline.App", "NHSOnline.App\NHSOnline.App.csproj", "{61B85797-E631-4EC3-A3CC-6B8DB92A9B01}"
EndProject
Project("{2150E333-8FDC-42A3-9474-1A3956D46DE8}") = "Solution Items", "Solution Items", "{EA6E3701-F642-4DAB-B137-CC1021472F7B}"
	ProjectSection(SolutionItems) = preProject
		.editorconfig = .editorconfig
		Directory.Build.props = Directory.Build.props
		nuget.config = nuget.config
	EndProjectSection
EndProject
Project("{9A19103F-16F7-4668-BE54-9A1E7A4F7556}") = "NHSOnline.App.DependencyInjection", "NHSOnline.App.DependencyInjection\NHSOnline.App.DependencyInjection.csproj", "{380AB30A-6EEA-4A81-B0A3-0B818036E74F}"
EndProject
Project("{9A19103F-16F7-4668-BE54-9A1E7A4F7556}") = "NHSOnline.App.Logging", "NHSOnline.App.Logging\NHSOnline.App.Logging.csproj", "{7783BCD8-95F8-4645-95A9-28FEF39731BA}"
EndProject
Project("{FAE04EC0-301F-11D3-BF4B-00C04F79EFBC}") = "NHSOnline.App.Controls", "NHSOnline.App.Controls\NHSOnline.App.Controls.csproj", "{85425714-F320-4935-81D4-B8727CFC9CDF}"
EndProject
Project("{FAE04EC0-301F-11D3-BF4B-00C04F79EFBC}") = "NHSOnline.App.NhsLogin", "NHSOnline.App.NhsLogin\NHSOnline.App.NhsLogin.csproj", "{7BDBCB7C-7B12-433B-AFA2-39E02C4D72EC}"
EndProject
Global
	GlobalSection(SolutionConfigurationPlatforms) = preSolution
		BrowserStack - Release|Any CPU = BrowserStack - Release|Any CPU
		BrowserStack - Release|iPhone = BrowserStack - Release|iPhone
		BrowserStack - Release|iPhoneSimulator = BrowserStack - Release|iPhoneSimulator
		BrowserStack - Debug|Any CPU = BrowserStack - Debug|Any CPU
		BrowserStack - Debug|iPhoneSimulator = BrowserStack - Debug|iPhoneSimulator
		BrowserStack - Debug|iPhone = BrowserStack - Debug|iPhone
		Staging - Release|Any CPU = Staging - Release|Any CPU
		Staging - Release|iPhone = Staging - Release|iPhone
		Staging - Release|iPhoneSimulator = Staging - Release|iPhoneSimulator
		Staging - Debug|iPhoneSimulator = Staging - Debug|iPhoneSimulator
		Staging - Debug|Any CPU = Staging - Debug|Any CPU
		Staging - Debug|iPhone = Staging - Debug|iPhone
		Local - Debug|Any CPU = Local - Debug|Any CPU
		Local - Debug|iPhone = Local - Debug|iPhone
		Local - Debug|iPhoneSimulator = Local - Debug|iPhoneSimulator
		Local - Release|Any CPU = Local - Release|Any CPU
		Local - Release|iPhone = Local - Release|iPhone
		Local - Release|iPhoneSimulator = Local - Release|iPhoneSimulator
	EndGlobalSection
	GlobalSection(ProjectConfigurationPlatforms) = postSolution
		{61B85797-E631-4EC3-A3CC-6B8DB92A9B01}.BrowserStack - Debug|Any CPU.ActiveCfg = Debug|Any CPU
		{61B85797-E631-4EC3-A3CC-6B8DB92A9B01}.BrowserStack - Debug|Any CPU.Build.0 = Debug|Any CPU
		{61B85797-E631-4EC3-A3CC-6B8DB92A9B01}.BrowserStack - Debug|iPhone.ActiveCfg = Debug|Any CPU
		{61B85797-E631-4EC3-A3CC-6B8DB92A9B01}.BrowserStack - Debug|iPhone.Build.0 = Debug|Any CPU
		{61B85797-E631-4EC3-A3CC-6B8DB92A9B01}.BrowserStack - Debug|iPhoneSimulator.ActiveCfg = Debug|Any CPU
		{61B85797-E631-4EC3-A3CC-6B8DB92A9B01}.BrowserStack - Debug|iPhoneSimulator.Build.0 = Debug|Any CPU
		{61B85797-E631-4EC3-A3CC-6B8DB92A9B01}.BrowserStack - Release|Any CPU.ActiveCfg = Release|Any CPU
		{61B85797-E631-4EC3-A3CC-6B8DB92A9B01}.BrowserStack - Release|Any CPU.Build.0 = Release|Any CPU
		{61B85797-E631-4EC3-A3CC-6B8DB92A9B01}.BrowserStack - Release|iPhone.ActiveCfg = Release|Any CPU
		{61B85797-E631-4EC3-A3CC-6B8DB92A9B01}.BrowserStack - Release|iPhone.Build.0 = Release|Any CPU
		{61B85797-E631-4EC3-A3CC-6B8DB92A9B01}.Local - Debug|Any CPU.ActiveCfg = Debug|Any CPU
		{61B85797-E631-4EC3-A3CC-6B8DB92A9B01}.Local - Debug|Any CPU.Build.0 = Debug|Any CPU
		{61B85797-E631-4EC3-A3CC-6B8DB92A9B01}.Local - Debug|iPhone.ActiveCfg = Debug|Any CPU
		{61B85797-E631-4EC3-A3CC-6B8DB92A9B01}.Local - Debug|iPhone.Build.0 = Debug|Any CPU
		{61B85797-E631-4EC3-A3CC-6B8DB92A9B01}.Local - Debug|iPhoneSimulator.ActiveCfg = Debug|Any CPU
		{61B85797-E631-4EC3-A3CC-6B8DB92A9B01}.Local - Debug|iPhoneSimulator.Build.0 = Debug|Any CPU
		{61B85797-E631-4EC3-A3CC-6B8DB92A9B01}.Local - Release|Any CPU.ActiveCfg = Release|Any CPU
		{61B85797-E631-4EC3-A3CC-6B8DB92A9B01}.Local - Release|Any CPU.Build.0 = Release|Any CPU
		{61B85797-E631-4EC3-A3CC-6B8DB92A9B01}.Local - Release|iPhone.ActiveCfg = Release|Any CPU
		{61B85797-E631-4EC3-A3CC-6B8DB92A9B01}.Local - Release|iPhone.Build.0 = Release|Any CPU
		{61B85797-E631-4EC3-A3CC-6B8DB92A9B01}.Staging - Debug|Any CPU.ActiveCfg = Debug|Any CPU
		{61B85797-E631-4EC3-A3CC-6B8DB92A9B01}.Staging - Debug|Any CPU.Build.0 = Debug|Any CPU
		{61B85797-E631-4EC3-A3CC-6B8DB92A9B01}.Staging - Release|Any CPU.ActiveCfg = Release|Any CPU
		{61B85797-E631-4EC3-A3CC-6B8DB92A9B01}.Staging - Release|Any CPU.Build.0 = Release|Any CPU
		{61B85797-E631-4EC3-A3CC-6B8DB92A9B01}.Staging - Release|iPhone.ActiveCfg = Release|Any CPU
		{61B85797-E631-4EC3-A3CC-6B8DB92A9B01}.Staging - Release|iPhone.Build.0 = Release|Any CPU
		{61B85797-E631-4EC3-A3CC-6B8DB92A9B01}.Staging - Debug|iPhone.ActiveCfg = Debug|Any CPU
		{61B85797-E631-4EC3-A3CC-6B8DB92A9B01}.Staging - Debug|iPhone.Build.0 = Debug|Any CPU
		{61B85797-E631-4EC3-A3CC-6B8DB92A9B01}.Staging - Debug|iPhoneSimulator.ActiveCfg = Debug|Any CPU
		{61B85797-E631-4EC3-A3CC-6B8DB92A9B01}.Staging - Debug|iPhoneSimulator.Build.0 = Debug|Any CPU
		{61B85797-E631-4EC3-A3CC-6B8DB92A9B01}.BrowserStack - Release|iPhoneSimulator.ActiveCfg = Release|Any CPU
		{61B85797-E631-4EC3-A3CC-6B8DB92A9B01}.BrowserStack - Release|iPhoneSimulator.Build.0 = Release|Any CPU
		{61B85797-E631-4EC3-A3CC-6B8DB92A9B01}.Staging - Release|iPhoneSimulator.ActiveCfg = Release|Any CPU
		{61B85797-E631-4EC3-A3CC-6B8DB92A9B01}.Staging - Release|iPhoneSimulator.Build.0 = Release|Any CPU
		{61B85797-E631-4EC3-A3CC-6B8DB92A9B01}.Local - Release|iPhoneSimulator.ActiveCfg = Release|Any CPU
		{61B85797-E631-4EC3-A3CC-6B8DB92A9B01}.Local - Release|iPhoneSimulator.Build.0 = Release|Any CPU
		{30B3186B-8809-4016-817A-894E629D1EDF}.BrowserStack - Release|Any CPU.ActiveCfg = BrowserStack - Release|Any CPU
		{30B3186B-8809-4016-817A-894E629D1EDF}.BrowserStack - Release|Any CPU.Build.0 = BrowserStack - Release|Any CPU
		{30B3186B-8809-4016-817A-894E629D1EDF}.BrowserStack - Debug|Any CPU.ActiveCfg = BrowserStack - Debug|Any CPU
		{30B3186B-8809-4016-817A-894E629D1EDF}.BrowserStack - Debug|Any CPU.Build.0 = BrowserStack - Debug|Any CPU
		{30B3186B-8809-4016-817A-894E629D1EDF}.Staging - Release|Any CPU.ActiveCfg = Staging - Release|Any CPU
		{30B3186B-8809-4016-817A-894E629D1EDF}.Staging - Release|Any CPU.Build.0 = Staging - Release|Any CPU
		{30B3186B-8809-4016-817A-894E629D1EDF}.Staging - Debug|Any CPU.ActiveCfg = Staging - Debug|Any CPU
		{30B3186B-8809-4016-817A-894E629D1EDF}.Staging - Debug|Any CPU.Build.0 = Staging - Debug|Any CPU
		{30B3186B-8809-4016-817A-894E629D1EDF}.Local - Debug|Any CPU.ActiveCfg = Local - Debug|Any CPU
		{30B3186B-8809-4016-817A-894E629D1EDF}.Local - Debug|Any CPU.Build.0 = Local - Debug|Any CPU
		{30B3186B-8809-4016-817A-894E629D1EDF}.Local - Release|Any CPU.ActiveCfg = Local - Release|Any CPU
		{30B3186B-8809-4016-817A-894E629D1EDF}.Local - Release|Any CPU.Build.0 = Local - Release|Any CPU
		{30B3186B-8809-4016-817A-894E629D1EDF}.Staging - Debug|iPhone.ActiveCfg = Staging - Debug|Any CPU
		{30B3186B-8809-4016-817A-894E629D1EDF}.BrowserStack - Debug|iPhone.ActiveCfg = BrowserStack - Debug|Any CPU
		{30B3186B-8809-4016-817A-894E629D1EDF}.BrowserStack - Debug|iPhoneSimulator.ActiveCfg = BrowserStack - Debug|Any CPU
		{30B3186B-8809-4016-817A-894E629D1EDF}.BrowserStack - Release|iPhone.ActiveCfg = BrowserStack - Release|Any CPU
		{30B3186B-8809-4016-817A-894E629D1EDF}.Local - Debug|iPhone.ActiveCfg = Local - Debug|Any CPU
		{30B3186B-8809-4016-817A-894E629D1EDF}.Local - Debug|iPhoneSimulator.ActiveCfg = Local - Debug|Any CPU
		{30B3186B-8809-4016-817A-894E629D1EDF}.Local - Release|iPhone.ActiveCfg = Local - Release|Any CPU
		{30B3186B-8809-4016-817A-894E629D1EDF}.Staging - Debug|iPhoneSimulator.ActiveCfg = Staging - Debug|Any CPU
		{30B3186B-8809-4016-817A-894E629D1EDF}.Staging - Release|iPhone.ActiveCfg = Staging - Release|Any CPU
		{30B3186B-8809-4016-817A-894E629D1EDF}.BrowserStack - Release|iPhoneSimulator.ActiveCfg = BrowserStack - Release|Any CPU
		{30B3186B-8809-4016-817A-894E629D1EDF}.Staging - Release|iPhoneSimulator.ActiveCfg = BrowserStack - Release|Any CPU
		{30B3186B-8809-4016-817A-894E629D1EDF}.Local - Release|iPhoneSimulator.ActiveCfg = BrowserStack - Release|Any CPU
		{F135886A-E596-49E8-A3D9-BF4AD1C587B9}.BrowserStack - Release|iPhone.ActiveCfg = BrowserStack - Release|iPhone
		{F135886A-E596-49E8-A3D9-BF4AD1C587B9}.BrowserStack - Release|iPhone.Build.0 = BrowserStack - Release|iPhone
		{F135886A-E596-49E8-A3D9-BF4AD1C587B9}.BrowserStack - Debug|iPhoneSimulator.ActiveCfg = BrowserStack - Debug|iPhoneSimulator
		{F135886A-E596-49E8-A3D9-BF4AD1C587B9}.BrowserStack - Debug|iPhoneSimulator.Build.0 = BrowserStack - Debug|iPhoneSimulator
		{F135886A-E596-49E8-A3D9-BF4AD1C587B9}.Staging - Debug|iPhoneSimulator.ActiveCfg = Staging - Debug|iPhoneSimulator
		{F135886A-E596-49E8-A3D9-BF4AD1C587B9}.Staging - Debug|iPhoneSimulator.Build.0 = Staging - Debug|iPhoneSimulator
		{F135886A-E596-49E8-A3D9-BF4AD1C587B9}.Staging - Release|iPhone.ActiveCfg = Staging - Release|iPhone
		{F135886A-E596-49E8-A3D9-BF4AD1C587B9}.Staging - Release|iPhone.Build.0 = Staging - Release|iPhone
		{F135886A-E596-49E8-A3D9-BF4AD1C587B9}.BrowserStack - Debug|iPhone.ActiveCfg = BrowserStack - Debug|iPhone
		{F135886A-E596-49E8-A3D9-BF4AD1C587B9}.BrowserStack - Debug|iPhone.Build.0 = BrowserStack - Debug|iPhone
		{F135886A-E596-49E8-A3D9-BF4AD1C587B9}.Local - Debug|iPhone.ActiveCfg = Local - Debug|iPhone
		{F135886A-E596-49E8-A3D9-BF4AD1C587B9}.Local - Debug|iPhone.Build.0 = Local - Debug|iPhone
		{F135886A-E596-49E8-A3D9-BF4AD1C587B9}.Local - Debug|iPhoneSimulator.ActiveCfg = Local - Debug|iPhoneSimulator
		{F135886A-E596-49E8-A3D9-BF4AD1C587B9}.Local - Debug|iPhoneSimulator.Build.0 = Local - Debug|iPhoneSimulator
		{F135886A-E596-49E8-A3D9-BF4AD1C587B9}.Local - Release|iPhone.ActiveCfg = Local - Release|iPhone
		{F135886A-E596-49E8-A3D9-BF4AD1C587B9}.Local - Release|iPhone.Build.0 = Local - Release|iPhone
		{F135886A-E596-49E8-A3D9-BF4AD1C587B9}.BrowserStack - Debug|Any CPU.ActiveCfg = BrowserStack - Debug|iPhone
		{F135886A-E596-49E8-A3D9-BF4AD1C587B9}.BrowserStack - Debug|Any CPU.Build.0 = BrowserStack - Debug|iPhone
		{F135886A-E596-49E8-A3D9-BF4AD1C587B9}.Local - Debug|Any CPU.ActiveCfg = Local - Debug|iPhone
		{F135886A-E596-49E8-A3D9-BF4AD1C587B9}.Local - Debug|Any CPU.Build.0 = Local - Debug|iPhone
		{F135886A-E596-49E8-A3D9-BF4AD1C587B9}.Local - Release|Any CPU.ActiveCfg = Local - Release|iPhone
		{F135886A-E596-49E8-A3D9-BF4AD1C587B9}.Local - Release|Any CPU.Build.0 = Local - Release|iPhone
		{F135886A-E596-49E8-A3D9-BF4AD1C587B9}.Staging - Debug|Any CPU.ActiveCfg = Staging - Debug|iPhoneSimulator
		{F135886A-E596-49E8-A3D9-BF4AD1C587B9}.Staging - Debug|Any CPU.Build.0 = Staging - Debug|iPhoneSimulator
		{F135886A-E596-49E8-A3D9-BF4AD1C587B9}.Staging - Release|Any CPU.ActiveCfg = Staging - Release|iPhone
		{F135886A-E596-49E8-A3D9-BF4AD1C587B9}.Staging - Release|Any CPU.Build.0 = Staging - Release|iPhone
		{F135886A-E596-49E8-A3D9-BF4AD1C587B9}.Staging - Debug|iPhone.ActiveCfg = Staging - Debug|iPhone
		{F135886A-E596-49E8-A3D9-BF4AD1C587B9}.Staging - Debug|iPhone.Build.0 = Staging - Debug|iPhone
		{F135886A-E596-49E8-A3D9-BF4AD1C587B9}.BrowserStack - Release|Any CPU.ActiveCfg = BrowserStack - Release|iPhone
		{F135886A-E596-49E8-A3D9-BF4AD1C587B9}.BrowserStack - Release|Any CPU.Build.0 = BrowserStack - Release|iPhone
		{F135886A-E596-49E8-A3D9-BF4AD1C587B9}.BrowserStack - Release|iPhoneSimulator.ActiveCfg = BrowserStack - Release|iPhoneSimulator
		{F135886A-E596-49E8-A3D9-BF4AD1C587B9}.BrowserStack - Release|iPhoneSimulator.Build.0 = BrowserStack - Release|iPhoneSimulator
		{F135886A-E596-49E8-A3D9-BF4AD1C587B9}.Staging - Release|iPhoneSimulator.ActiveCfg = Staging - Release|iPhoneSimulator
		{F135886A-E596-49E8-A3D9-BF4AD1C587B9}.Staging - Release|iPhoneSimulator.Build.0 = Staging - Release|iPhoneSimulator
		{F135886A-E596-49E8-A3D9-BF4AD1C587B9}.Local - Release|iPhoneSimulator.ActiveCfg = Local - Release|iPhoneSimulator
		{F135886A-E596-49E8-A3D9-BF4AD1C587B9}.Local - Release|iPhoneSimulator.Build.0 = Local - Release|iPhoneSimulator
		{380AB30A-6EEA-4A81-B0A3-0B818036E74F}.BrowserStack - Debug|Any CPU.ActiveCfg = Debug|Any CPU
		{380AB30A-6EEA-4A81-B0A3-0B818036E74F}.BrowserStack - Debug|Any CPU.Build.0 = Debug|Any CPU
		{380AB30A-6EEA-4A81-B0A3-0B818036E74F}.BrowserStack - Debug|iPhone.ActiveCfg = Debug|Any CPU
		{380AB30A-6EEA-4A81-B0A3-0B818036E74F}.BrowserStack - Debug|iPhone.Build.0 = Debug|Any CPU
		{380AB30A-6EEA-4A81-B0A3-0B818036E74F}.BrowserStack - Debug|iPhoneSimulator.ActiveCfg = Debug|Any CPU
		{380AB30A-6EEA-4A81-B0A3-0B818036E74F}.BrowserStack - Debug|iPhoneSimulator.Build.0 = Debug|Any CPU
		{380AB30A-6EEA-4A81-B0A3-0B818036E74F}.BrowserStack - Release|Any CPU.ActiveCfg = Release|Any CPU
		{380AB30A-6EEA-4A81-B0A3-0B818036E74F}.BrowserStack - Release|Any CPU.Build.0 = Release|Any CPU
		{380AB30A-6EEA-4A81-B0A3-0B818036E74F}.BrowserStack - Release|iPhone.ActiveCfg = Release|Any CPU
		{380AB30A-6EEA-4A81-B0A3-0B818036E74F}.BrowserStack - Release|iPhone.Build.0 = Release|Any CPU
		{380AB30A-6EEA-4A81-B0A3-0B818036E74F}.Local - Debug|Any CPU.ActiveCfg = Debug|Any CPU
		{380AB30A-6EEA-4A81-B0A3-0B818036E74F}.Local - Debug|Any CPU.Build.0 = Debug|Any CPU
		{380AB30A-6EEA-4A81-B0A3-0B818036E74F}.Local - Debug|iPhone.ActiveCfg = Debug|Any CPU
		{380AB30A-6EEA-4A81-B0A3-0B818036E74F}.Local - Debug|iPhone.Build.0 = Debug|Any CPU
		{380AB30A-6EEA-4A81-B0A3-0B818036E74F}.Local - Debug|iPhoneSimulator.ActiveCfg = Debug|Any CPU
		{380AB30A-6EEA-4A81-B0A3-0B818036E74F}.Local - Debug|iPhoneSimulator.Build.0 = Debug|Any CPU
		{380AB30A-6EEA-4A81-B0A3-0B818036E74F}.Local - Release|Any CPU.ActiveCfg = Release|Any CPU
		{380AB30A-6EEA-4A81-B0A3-0B818036E74F}.Local - Release|Any CPU.Build.0 = Release|Any CPU
		{380AB30A-6EEA-4A81-B0A3-0B818036E74F}.Local - Release|iPhone.ActiveCfg = Release|Any CPU
		{380AB30A-6EEA-4A81-B0A3-0B818036E74F}.Local - Release|iPhone.Build.0 = Release|Any CPU
		{380AB30A-6EEA-4A81-B0A3-0B818036E74F}.Staging - Debug|Any CPU.ActiveCfg = Debug|Any CPU
		{380AB30A-6EEA-4A81-B0A3-0B818036E74F}.Staging - Debug|Any CPU.Build.0 = Debug|Any CPU
		{380AB30A-6EEA-4A81-B0A3-0B818036E74F}.Staging - Release|Any CPU.ActiveCfg = Release|Any CPU
		{380AB30A-6EEA-4A81-B0A3-0B818036E74F}.Staging - Release|Any CPU.Build.0 = Release|Any CPU
		{380AB30A-6EEA-4A81-B0A3-0B818036E74F}.Staging - Release|iPhone.ActiveCfg = Release|Any CPU
		{380AB30A-6EEA-4A81-B0A3-0B818036E74F}.Staging - Release|iPhone.Build.0 = Release|Any CPU
		{380AB30A-6EEA-4A81-B0A3-0B818036E74F}.Staging - Debug|iPhone.ActiveCfg = Debug|Any CPU
		{380AB30A-6EEA-4A81-B0A3-0B818036E74F}.Staging - Debug|iPhone.Build.0 = Debug|Any CPU
		{380AB30A-6EEA-4A81-B0A3-0B818036E74F}.Staging - Debug|iPhoneSimulator.ActiveCfg = Debug|Any CPU
		{380AB30A-6EEA-4A81-B0A3-0B818036E74F}.Staging - Debug|iPhoneSimulator.Build.0 = Debug|Any CPU
		{380AB30A-6EEA-4A81-B0A3-0B818036E74F}.BrowserStack - Release|iPhoneSimulator.ActiveCfg = Release|Any CPU
		{380AB30A-6EEA-4A81-B0A3-0B818036E74F}.BrowserStack - Release|iPhoneSimulator.Build.0 = Release|Any CPU
		{380AB30A-6EEA-4A81-B0A3-0B818036E74F}.Staging - Release|iPhoneSimulator.ActiveCfg = Release|Any CPU
		{380AB30A-6EEA-4A81-B0A3-0B818036E74F}.Staging - Release|iPhoneSimulator.Build.0 = Release|Any CPU
		{380AB30A-6EEA-4A81-B0A3-0B818036E74F}.Local - Release|iPhoneSimulator.ActiveCfg = Release|Any CPU
		{380AB30A-6EEA-4A81-B0A3-0B818036E74F}.Local - Release|iPhoneSimulator.Build.0 = Release|Any CPU
		{7783BCD8-95F8-4645-95A9-28FEF39731BA}.BrowserStack - Debug|Any CPU.ActiveCfg = Debug|Any CPU
		{7783BCD8-95F8-4645-95A9-28FEF39731BA}.BrowserStack - Debug|Any CPU.Build.0 = Debug|Any CPU
		{7783BCD8-95F8-4645-95A9-28FEF39731BA}.BrowserStack - Debug|iPhone.ActiveCfg = Debug|Any CPU
		{7783BCD8-95F8-4645-95A9-28FEF39731BA}.BrowserStack - Debug|iPhone.Build.0 = Debug|Any CPU
		{7783BCD8-95F8-4645-95A9-28FEF39731BA}.BrowserStack - Debug|iPhoneSimulator.ActiveCfg = Debug|Any CPU
		{7783BCD8-95F8-4645-95A9-28FEF39731BA}.BrowserStack - Debug|iPhoneSimulator.Build.0 = Debug|Any CPU
		{7783BCD8-95F8-4645-95A9-28FEF39731BA}.BrowserStack - Release|Any CPU.ActiveCfg = Release|Any CPU
		{7783BCD8-95F8-4645-95A9-28FEF39731BA}.BrowserStack - Release|Any CPU.Build.0 = Release|Any CPU
		{7783BCD8-95F8-4645-95A9-28FEF39731BA}.BrowserStack - Release|iPhone.ActiveCfg = Release|Any CPU
		{7783BCD8-95F8-4645-95A9-28FEF39731BA}.BrowserStack - Release|iPhone.Build.0 = Release|Any CPU
		{7783BCD8-95F8-4645-95A9-28FEF39731BA}.Local - Debug|Any CPU.ActiveCfg = Debug|Any CPU
		{7783BCD8-95F8-4645-95A9-28FEF39731BA}.Local - Debug|Any CPU.Build.0 = Debug|Any CPU
		{7783BCD8-95F8-4645-95A9-28FEF39731BA}.Local - Debug|iPhone.ActiveCfg = Debug|Any CPU
		{7783BCD8-95F8-4645-95A9-28FEF39731BA}.Local - Debug|iPhone.Build.0 = Debug|Any CPU
		{7783BCD8-95F8-4645-95A9-28FEF39731BA}.Local - Debug|iPhoneSimulator.ActiveCfg = Debug|Any CPU
		{7783BCD8-95F8-4645-95A9-28FEF39731BA}.Local - Debug|iPhoneSimulator.Build.0 = Debug|Any CPU
		{7783BCD8-95F8-4645-95A9-28FEF39731BA}.Local - Release|Any CPU.ActiveCfg = Release|Any CPU
		{7783BCD8-95F8-4645-95A9-28FEF39731BA}.Local - Release|Any CPU.Build.0 = Release|Any CPU
		{7783BCD8-95F8-4645-95A9-28FEF39731BA}.Local - Release|iPhone.ActiveCfg = Release|Any CPU
		{7783BCD8-95F8-4645-95A9-28FEF39731BA}.Local - Release|iPhone.Build.0 = Release|Any CPU
		{7783BCD8-95F8-4645-95A9-28FEF39731BA}.Staging - Debug|Any CPU.ActiveCfg = Debug|Any CPU
		{7783BCD8-95F8-4645-95A9-28FEF39731BA}.Staging - Debug|Any CPU.Build.0 = Debug|Any CPU
		{7783BCD8-95F8-4645-95A9-28FEF39731BA}.Staging - Release|Any CPU.ActiveCfg = Release|Any CPU
		{7783BCD8-95F8-4645-95A9-28FEF39731BA}.Staging - Release|Any CPU.Build.0 = Release|Any CPU
		{7783BCD8-95F8-4645-95A9-28FEF39731BA}.Staging - Release|iPhone.ActiveCfg = Release|Any CPU
		{7783BCD8-95F8-4645-95A9-28FEF39731BA}.Staging - Release|iPhone.Build.0 = Release|Any CPU
		{7783BCD8-95F8-4645-95A9-28FEF39731BA}.Staging - Debug|iPhone.ActiveCfg = Debug|Any CPU
		{7783BCD8-95F8-4645-95A9-28FEF39731BA}.Staging - Debug|iPhone.Build.0 = Debug|Any CPU
		{7783BCD8-95F8-4645-95A9-28FEF39731BA}.Staging - Debug|iPhoneSimulator.ActiveCfg = Debug|Any CPU
		{7783BCD8-95F8-4645-95A9-28FEF39731BA}.Staging - Debug|iPhoneSimulator.Build.0 = Debug|Any CPU
		{7783BCD8-95F8-4645-95A9-28FEF39731BA}.BrowserStack - Release|iPhoneSimulator.ActiveCfg = Release|Any CPU
		{7783BCD8-95F8-4645-95A9-28FEF39731BA}.BrowserStack - Release|iPhoneSimulator.Build.0 = Release|Any CPU
		{7783BCD8-95F8-4645-95A9-28FEF39731BA}.Staging - Release|iPhoneSimulator.ActiveCfg = Release|Any CPU
		{7783BCD8-95F8-4645-95A9-28FEF39731BA}.Staging - Release|iPhoneSimulator.Build.0 = Release|Any CPU
		{7783BCD8-95F8-4645-95A9-28FEF39731BA}.Local - Release|iPhoneSimulator.ActiveCfg = Release|Any CPU
		{7783BCD8-95F8-4645-95A9-28FEF39731BA}.Local - Release|iPhoneSimulator.Build.0 = Release|Any CPU
		{85425714-F320-4935-81D4-B8727CFC9CDF}.Debug|Any CPU.ActiveCfg = Debug|Any CPU
		{85425714-F320-4935-81D4-B8727CFC9CDF}.Debug|Any CPU.Build.0 = Debug|Any CPU
		{85425714-F320-4935-81D4-B8727CFC9CDF}.Debug|iPhone.ActiveCfg = Debug|Any CPU
		{85425714-F320-4935-81D4-B8727CFC9CDF}.Debug|iPhone.Build.0 = Debug|Any CPU
		{85425714-F320-4935-81D4-B8727CFC9CDF}.Debug|iPhoneSimulator.ActiveCfg = Debug|Any CPU
		{85425714-F320-4935-81D4-B8727CFC9CDF}.Debug|iPhoneSimulator.Build.0 = Debug|Any CPU
		{85425714-F320-4935-81D4-B8727CFC9CDF}.Release|Any CPU.ActiveCfg = Release|Any CPU
		{85425714-F320-4935-81D4-B8727CFC9CDF}.Release|Any CPU.Build.0 = Release|Any CPU
		{85425714-F320-4935-81D4-B8727CFC9CDF}.Release|iPhone.ActiveCfg = Release|Any CPU
		{85425714-F320-4935-81D4-B8727CFC9CDF}.Release|iPhone.Build.0 = Release|Any CPU
		{85425714-F320-4935-81D4-B8727CFC9CDF}.Release|iPhoneSimulator.ActiveCfg = Release|Any CPU
		{85425714-F320-4935-81D4-B8727CFC9CDF}.Release|iPhoneSimulator.Build.0 = Release|Any CPU
		{7BDBCB7C-7B12-433B-AFA2-39E02C4D72EC}.Debug|Any CPU.ActiveCfg = Debug|Any CPU
		{7BDBCB7C-7B12-433B-AFA2-39E02C4D72EC}.Debug|Any CPU.Build.0 = Debug|Any CPU
		{7BDBCB7C-7B12-433B-AFA2-39E02C4D72EC}.Debug|iPhone.ActiveCfg = Debug|Any CPU
		{7BDBCB7C-7B12-433B-AFA2-39E02C4D72EC}.Debug|iPhone.Build.0 = Debug|Any CPU
		{7BDBCB7C-7B12-433B-AFA2-39E02C4D72EC}.Debug|iPhoneSimulator.ActiveCfg = Debug|Any CPU
		{7BDBCB7C-7B12-433B-AFA2-39E02C4D72EC}.Debug|iPhoneSimulator.Build.0 = Debug|Any CPU
		{7BDBCB7C-7B12-433B-AFA2-39E02C4D72EC}.Release|Any CPU.ActiveCfg = Release|Any CPU
		{7BDBCB7C-7B12-433B-AFA2-39E02C4D72EC}.Release|Any CPU.Build.0 = Release|Any CPU
		{7BDBCB7C-7B12-433B-AFA2-39E02C4D72EC}.Release|iPhone.ActiveCfg = Release|Any CPU
		{7BDBCB7C-7B12-433B-AFA2-39E02C4D72EC}.Release|iPhone.Build.0 = Release|Any CPU
		{7BDBCB7C-7B12-433B-AFA2-39E02C4D72EC}.Release|iPhoneSimulator.ActiveCfg = Release|Any CPU
		{7BDBCB7C-7B12-433B-AFA2-39E02C4D72EC}.Release|iPhoneSimulator.Build.0 = Release|Any CPU
	EndGlobalSection
	GlobalSection(SolutionProperties) = preSolution
		HideSolutionNode = FALSE
	EndGlobalSection
	GlobalSection(ExtensibilityGlobals) = postSolution
		SolutionGuid = {6751CDD6-C94F-4FE5-BC0E-3A0096A9564F}
	EndGlobalSection
EndGlobal
